<?xml version="1.0" encoding="utf-8"?>
<Project ToolsVersion="4.0" xmlns="http://schemas.microsoft.com/developer/msbuild/2003">
  <ItemGroup>
    <Filter Include="Source Files">
      <UniqueIdentifier>{4FC737F1-C7A5-4376-A066-2A32D752A2FF}</UniqueIdentifier>
      <Extensions>cpp;c;cc;cxx;c++;cppm;ixx;def;odl;idl;hpj;bat;asm;asmx</Extensions>
    </Filter>
    <Filter Include="Header Files">
      <UniqueIdentifier>{93995380-89BD-4b04-88EB-625FBE52EBFB}</UniqueIdentifier>
      <Extensions>h;hh;hpp;hxx;h++;hm;inl;inc;ipp;xsd</Extensions>
    </Filter>
    <Filter Include="Resource Files">
      <UniqueIdentifier>{67DA6AB6-F800-4c08-8B7A-83BB121AAD01}</UniqueIdentifier>
      <Extensions>rc;ico;cur;bmp;dlg;rc2;rct;bin;rgs;gif;jpg;jpeg;jpe;resx;tiff;tif;png;wav;mfcribbon-ms</Extensions>
    </Filter>
  </ItemGroup>
  <ItemGroup>
    <ClInclude Include="framework.h">
      <Filter>Header Files</Filter>
    </ClInclude>
    <ClInclude Include="TestFFTW3.h">
      <Filter>Header Files</Filter>
    </ClInclude>
    <ClInclude Include="..\UniDecLibrary\MathUtilities.h">
      <Filter>Header Files</Filter>
    </ClInclude>
    <ClInclude Include="..\UniDecLibrary\ArrayIndexing.h">
      <Filter>Header Files</Filter>
    </ClInclude>
    <ClInclude Include="..\UniDecLibrary\ArgMax.h">
      <Filter>Header Files</Filter>
    </ClInclude>
    <ClInclude Include="..\UniDecLibrary\BlurFunctions.h">
      <Filter>Header Files</Filter>
    </ClInclude>
    <ClInclude Include="..\UniDecLibrary\Confidence.h">
      <Filter>Header Files</Filter>
    </ClInclude>
    <ClInclude Include="..\UniDecLibrary\Config.h">
      <Filter>Header Files</Filter>
    </ClInclude>
    <ClInclude Include="..\UniDecLibrary\Convolution.h">
      <Filter>Header Files</Filter>
    </ClInclude>
    <ClInclude Include="..\UniDecLibrary\Decon.h">
      <Filter>Header Files</Filter>
    </ClInclude>
    <ClInclude Include="..\UniDecLibrary\ErrorFunctions.h">
      <Filter>Header Files</Filter>
    </ClInclude>
    <ClInclude Include="..\UniDecLibrary\FitFunctions.h">
      <Filter>Header Files</Filter>
    </ClInclude>
    <ClInclude Include="..\UniDecLibrary\GeneralUtility.h">
      <Filter>Header Files</Filter>
    </ClInclude>
    <ClInclude Include="..\UniDecLibrary\Header.h">
      <Filter>Header Files</Filter>
    </ClInclude>
    <ClInclude Include="..\UniDecLibrary\Input.h">
      <Filter>Header Files</Filter>
    </ClInclude>
    <ClInclude Include="..\UniDecLibrary\Integration.h">
      <Filter>Header Files</Filter>
    </ClInclude>
    <ClInclude Include="..\UniDecLibrary\Interpolation.h">
      <Filter>Header Files</Filter>
    </ClInclude>
    <ClInclude Include="..\UniDecLibrary\Isotopes.h">
      <Filter>Header Files</Filter>
    </ClInclude>
    <ClInclude Include="..\UniDecLibrary\MetaUniDec_Main.h">
      <Filter>Header Files</Filter>
    </ClInclude>
    <ClInclude Include="..\UniDecLibrary\MZPeak.h">
      <Filter>Header Files</Filter>
    </ClInclude>
    <ClInclude Include="..\UniDecLibrary\Normalization.h">
      <Filter>Header Files</Filter>
    </ClInclude>
    <ClInclude Include="..\UniDecLibrary\PointSmoothing.h">
      <Filter>Header Files</Filter>
    </ClInclude>
    <ClInclude Include="..\UniDecLibrary\Sorting.h">
      <Filter>Header Files</Filter>
    </ClInclude>
    <ClInclude Include="..\UniDecLibrary\Transforms.h">
      <Filter>Header Files</Filter>
    </ClInclude>
    <ClInclude Include="..\UniDecLibrary\UD_analysis.h">
      <Filter>Header Files</Filter>
    </ClInclude>
    <ClInclude Include="..\UniDecLibrary\UD_charge.h">
      <Filter>Header Files</Filter>
    </ClInclude>
    <ClInclude Include="..\UniDecLibrary\UD_score.h">
      <Filter>Header Files</Filter>
    </ClInclude>
    <ClInclude Include="..\UniDecLibrary\UniDec.h">
      <Filter>Header Files</Filter>
    </ClInclude>
    <ClInclude Include="..\UniDecLibrary\UniDec_Main.h">
      <Filter>Header Files</Filter>
    </ClInclude>
    <ClInclude Include="..\UniDecLibrary\TestMasses.h">
      <Filter>Header Files</Filter>
    </ClInclude>
    <ClInclude Include="TinyChunksOfUniDecDeconvolution.h">
      <Filter>Header Files</Filter>
    </ClInclude>
  </ItemGroup>
  <ItemGroup>
    <ClCompile Include="TestFFTW3.c">
      <Filter>Source Files</Filter>
    </ClCompile>
    <ClCompile Include="..\UniDecLibrary\MathUtilities.c">
      <Filter>Source Files</Filter>
    </ClCompile>
    <ClCompile Include="..\UniDecLibrary\ArrayIndexing.c">
      <Filter>Source Files</Filter>
    </ClCompile>
    <ClCompile Include="..\UniDecLibrary\ArgMax.c">
      <Filter>Source Files</Filter>
    </ClCompile>
    <ClCompile Include="..\UniDecLibrary\BlurFunctions.c">
      <Filter>Source Files</Filter>
    </ClCompile>
    <ClCompile Include="..\UniDecLibrary\Confidence.c">
      <Filter>Source Files</Filter>
    </ClCompile>
    <ClCompile Include="..\UniDecLibrary\Config.c">
      <Filter>Source Files</Filter>
    </ClCompile>
    <ClCompile Include="..\UniDecLibrary\Convolution.c">
      <Filter>Source Files</Filter>
    </ClCompile>
    <ClCompile Include="..\UniDecLibrary\Decon.c">
      <Filter>Source Files</Filter>
    </ClCompile>
    <ClCompile Include="..\UniDecLibrary\ErrorFunctions.c">
      <Filter>Source Files</Filter>
    </ClCompile>
    <ClCompile Include="..\UniDecLibrary\FitFunctions.c">
      <Filter>Source Files</Filter>
    </ClCompile>
    <ClCompile Include="..\UniDecLibrary\GeneralUtility.c">
      <Filter>Source Files</Filter>
    </ClCompile>
    <ClCompile Include="..\UniDecLibrary\Input.c">
      <Filter>Source Files</Filter>
    </ClCompile>
    <ClCompile Include="..\UniDecLibrary\Integration.c">
      <Filter>Source Files</Filter>
    </ClCompile>
    <ClCompile Include="..\UniDecLibrary\Interpolation.c">
      <Filter>Source Files</Filter>
    </ClCompile>
    <ClCompile Include="..\UniDecLibrary\Isotopes.c">
      <Filter>Source Files</Filter>
    </ClCompile>
    <ClCompile Include="..\UniDecLibrary\MZPeak.c">
      <Filter>Source Files</Filter>
    </ClCompile>
    <ClCompile Include="..\UniDecLibrary\Normalization.c">
      <Filter>Source Files</Filter>
    </ClCompile>
    <ClCompile Include="..\UniDecLibrary\PointSmoothing.c">
      <Filter>Source Files</Filter>
    </ClCompile>
    <ClCompile Include="..\UniDecLibrary\Sorting.c">
      <Filter>Source Files</Filter>
    </ClCompile>
    <ClCompile Include="..\UniDecLibrary\TestMasses.c">
      <Filter>Source Files</Filter>
    </ClCompile>
    <ClCompile Include="..\UniDecLibrary\Transforms.c">
      <Filter>Source Files</Filter>
    </ClCompile>
    <ClCompile Include="..\UniDecLibrary\UD_analysis.c">
      <Filter>Source Files</Filter>
    </ClCompile>
    <ClCompile Include="..\UniDecLibrary\UD_score.c">
      <Filter>Source Files</Filter>
    </ClCompile>
    <ClCompile Include="..\UniDecLibrary\UniDec.c">
      <Filter>Source Files</Filter>
    </ClCompile>
    <ClCompile Include="..\UniDecLibrary\UniDec_Main.c">
      <Filter>Source Files</Filter>
    </ClCompile>
    <ClCompile Include="TinyChunksOfUniDecDeconvolution.c">
      <Filter>Source Files</Filter>
    </ClCompile>
  </ItemGroup>
</Project>