
Microsoft Visual Studio Solution File, Format Version 12.00
# Visual Studio Version 17
VisualStudioVersion = 17.3.32825.248
MinimumVisualStudioVersion = 10.0.40219.1
Project("{9A19103F-16F7-4668-BE54-9A1E7A4F7556}") = "Chemistry", "Chemistry\Chemistry.csproj", "{4658AE10-B660-46DB-B56B-7F4701339FD0}"
EndProject
Project("{9A19103F-16F7-4668-BE54-9A1E7A4F7556}") = "BayesianEstimation", "BayesianEstimation\BayesianEstimation.csproj", "{3385FB51-AA75-476A-8D5E-7C55F0A2DB10}"
EndProject
Project("{9A19103F-16F7-4668-BE54-9A1E7A4F7556}") = "FlashLFQ", "FlashLFQ\FlashLFQ.csproj", "{0DE04F7B-EE40-4055-ACF7-472167B70A04}"
EndProject
Project("{9A19103F-16F7-4668-BE54-9A1E7A4F7556}") = "MassSpectrometry", "MassSpectrometry\MassSpectrometry.csproj", "{244A891E-BCDA-432F-8160-26EE0C5F8096}"
EndProject
Project("{9A19103F-16F7-4668-BE54-9A1E7A4F7556}") = "MzIdentML", "MzIdentML\MzIdentML.csproj", "{D2B8F696-1172-405B-B788-3251B27CC71A}"
EndProject
Project("{9A19103F-16F7-4668-BE54-9A1E7A4F7556}") = "MzLibUtil", "MzLibUtil\MzLibUtil.csproj", "{C5EF6CE1-9E90-48D6-A19E-FAE2A9F28E3C}"
EndProject
Project("{9A19103F-16F7-4668-BE54-9A1E7A4F7556}") = "PepXML", "PepXML\PepXML.csproj", "{9697BC5E-1F2C-4E3C-BC53-3532CBDFFCC7}"
EndProject
Project("{9A19103F-16F7-4668-BE54-9A1E7A4F7556}") = "Proteomics", "Proteomics\Proteomics.csproj", "{AD3D126D-6359-481B-BE17-69DFB0BC4E40}"
EndProject
Project("{9A19103F-16F7-4668-BE54-9A1E7A4F7556}") = "UsefulProteomicsDatabases", "UsefulProteomicsDatabases\UsefulProteomicsDatabases.csproj", "{6A510911-5F37-4314-8176-82772B7E5AE3}"
EndProject
Project("{9A19103F-16F7-4668-BE54-9A1E7A4F7556}") = "mzPlot", "mzPlot\mzPlot.csproj", "{3DFDFDE6-0355-412B-BD62-2D2AD36C5639}"
EndProject
Project("{9A19103F-16F7-4668-BE54-9A1E7A4F7556}") = "Test", "Test\Test.csproj", "{78FF34E1-B093-4D10-B77B-5A3AED043DD7}"
EndProject
Project("{9A19103F-16F7-4668-BE54-9A1E7A4F7556}") = "SpectralAveraging", "SpectralAveraging\SpectralAveraging.csproj", "{891888CA-E5CC-4168-B6F2-2B2CED74EA37}"
EndProject
Project("{9A19103F-16F7-4668-BE54-9A1E7A4F7556}") = "Development", "Development\Development.csproj", "{04615EBF-20FC-437C-9CF7-47DA6260FAE3}"
EndProject
Project("{9A19103F-16F7-4668-BE54-9A1E7A4F7556}") = "Readers", "Readers\Readers.csproj", "{E27A5C14-0C05-466A-91CE-ABB5151A69C4}"
EndProject
Project("{9A19103F-16F7-4668-BE54-9A1E7A4F7556}") = "Omics", "Omics\Omics.csproj", "{48CA975B-65DD-4A03-89A3-EA2448293894}"
EndProject
Project("{9A19103F-16F7-4668-BE54-9A1E7A4F7556}") = "Transcriptomics", "Transcriptomics\Transcriptomics.csproj", "{4661C249-5B9A-4D9F-B852-15EAF3B4F9A3}"
EndProject
Global
	GlobalSection(SolutionConfigurationPlatforms) = preSolution
		Debug|x64 = Debug|x64
		Release|x64 = Release|x64
		TestAndRelease|x64 = TestAndRelease|x64
	EndGlobalSection
	GlobalSection(ProjectConfigurationPlatforms) = postSolution
		{4658AE10-B660-46DB-B56B-7F4701339FD0}.Debug|x64.ActiveCfg = Debug|x64
		{4658AE10-B660-46DB-B56B-7F4701339FD0}.Debug|x64.Build.0 = Debug|x64
		{4658AE10-B660-46DB-B56B-7F4701339FD0}.Release|x64.ActiveCfg = Release|x64
		{4658AE10-B660-46DB-B56B-7F4701339FD0}.Release|x64.Build.0 = Release|x64
		{4658AE10-B660-46DB-B56B-7F4701339FD0}.TestAndRelease|x64.ActiveCfg = Release|x64
		{4658AE10-B660-46DB-B56B-7F4701339FD0}.TestAndRelease|x64.Build.0 = Release|x64
		{3385FB51-AA75-476A-8D5E-7C55F0A2DB10}.Debug|x64.ActiveCfg = Debug|x64
		{3385FB51-AA75-476A-8D5E-7C55F0A2DB10}.Debug|x64.Build.0 = Debug|x64
		{3385FB51-AA75-476A-8D5E-7C55F0A2DB10}.Release|x64.ActiveCfg = Release|x64
		{3385FB51-AA75-476A-8D5E-7C55F0A2DB10}.Release|x64.Build.0 = Release|x64
		{3385FB51-AA75-476A-8D5E-7C55F0A2DB10}.TestAndRelease|x64.ActiveCfg = Release|x64
		{3385FB51-AA75-476A-8D5E-7C55F0A2DB10}.TestAndRelease|x64.Build.0 = Release|x64
		{0DE04F7B-EE40-4055-ACF7-472167B70A04}.Debug|x64.ActiveCfg = Debug|x64
		{0DE04F7B-EE40-4055-ACF7-472167B70A04}.Debug|x64.Build.0 = Debug|x64
		{0DE04F7B-EE40-4055-ACF7-472167B70A04}.Release|x64.ActiveCfg = Release|x64
		{0DE04F7B-EE40-4055-ACF7-472167B70A04}.Release|x64.Build.0 = Release|x64
		{0DE04F7B-EE40-4055-ACF7-472167B70A04}.TestAndRelease|x64.ActiveCfg = Release|x64
		{0DE04F7B-EE40-4055-ACF7-472167B70A04}.TestAndRelease|x64.Build.0 = Release|x64
		{244A891E-BCDA-432F-8160-26EE0C5F8096}.Debug|x64.ActiveCfg = Debug|x64
		{244A891E-BCDA-432F-8160-26EE0C5F8096}.Debug|x64.Build.0 = Debug|x64
		{244A891E-BCDA-432F-8160-26EE0C5F8096}.Release|x64.ActiveCfg = Release|x64
		{244A891E-BCDA-432F-8160-26EE0C5F8096}.Release|x64.Build.0 = Release|x64
		{244A891E-BCDA-432F-8160-26EE0C5F8096}.TestAndRelease|x64.ActiveCfg = Release|x64
		{244A891E-BCDA-432F-8160-26EE0C5F8096}.TestAndRelease|x64.Build.0 = Release|x64
		{D2B8F696-1172-405B-B788-3251B27CC71A}.Debug|x64.ActiveCfg = Debug|x64
		{D2B8F696-1172-405B-B788-3251B27CC71A}.Debug|x64.Build.0 = Debug|x64
		{D2B8F696-1172-405B-B788-3251B27CC71A}.Release|x64.ActiveCfg = Release|x64
		{D2B8F696-1172-405B-B788-3251B27CC71A}.Release|x64.Build.0 = Release|x64
		{D2B8F696-1172-405B-B788-3251B27CC71A}.TestAndRelease|x64.ActiveCfg = Release|x64
		{D2B8F696-1172-405B-B788-3251B27CC71A}.TestAndRelease|x64.Build.0 = Release|x64
		{C5EF6CE1-9E90-48D6-A19E-FAE2A9F28E3C}.Debug|x64.ActiveCfg = Debug|x64
		{C5EF6CE1-9E90-48D6-A19E-FAE2A9F28E3C}.Debug|x64.Build.0 = Debug|x64
		{C5EF6CE1-9E90-48D6-A19E-FAE2A9F28E3C}.Release|x64.ActiveCfg = Release|x64
		{C5EF6CE1-9E90-48D6-A19E-FAE2A9F28E3C}.Release|x64.Build.0 = Release|x64
		{C5EF6CE1-9E90-48D6-A19E-FAE2A9F28E3C}.TestAndRelease|x64.ActiveCfg = Release|x64
		{C5EF6CE1-9E90-48D6-A19E-FAE2A9F28E3C}.TestAndRelease|x64.Build.0 = Release|x64
		{9697BC5E-1F2C-4E3C-BC53-3532CBDFFCC7}.Debug|x64.ActiveCfg = Debug|x64
		{9697BC5E-1F2C-4E3C-BC53-3532CBDFFCC7}.Debug|x64.Build.0 = Debug|x64
		{9697BC5E-1F2C-4E3C-BC53-3532CBDFFCC7}.Release|x64.ActiveCfg = Release|x64
		{9697BC5E-1F2C-4E3C-BC53-3532CBDFFCC7}.Release|x64.Build.0 = Release|x64
		{9697BC5E-1F2C-4E3C-BC53-3532CBDFFCC7}.TestAndRelease|x64.ActiveCfg = Release|x64
		{9697BC5E-1F2C-4E3C-BC53-3532CBDFFCC7}.TestAndRelease|x64.Build.0 = Release|x64
		{AD3D126D-6359-481B-BE17-69DFB0BC4E40}.Debug|x64.ActiveCfg = Debug|x64
		{AD3D126D-6359-481B-BE17-69DFB0BC4E40}.Debug|x64.Build.0 = Debug|x64
		{AD3D126D-6359-481B-BE17-69DFB0BC4E40}.Release|x64.ActiveCfg = Release|x64
		{AD3D126D-6359-481B-BE17-69DFB0BC4E40}.Release|x64.Build.0 = Release|x64
		{AD3D126D-6359-481B-BE17-69DFB0BC4E40}.TestAndRelease|x64.ActiveCfg = Release|x64
		{AD3D126D-6359-481B-BE17-69DFB0BC4E40}.TestAndRelease|x64.Build.0 = Release|x64
		{6A510911-5F37-4314-8176-82772B7E5AE3}.Debug|x64.ActiveCfg = Debug|x64
		{6A510911-5F37-4314-8176-82772B7E5AE3}.Debug|x64.Build.0 = Debug|x64
		{6A510911-5F37-4314-8176-82772B7E5AE3}.Release|x64.ActiveCfg = Release|x64
		{6A510911-5F37-4314-8176-82772B7E5AE3}.Release|x64.Build.0 = Release|x64
		{6A510911-5F37-4314-8176-82772B7E5AE3}.TestAndRelease|x64.ActiveCfg = Release|x64
		{6A510911-5F37-4314-8176-82772B7E5AE3}.TestAndRelease|x64.Build.0 = Release|x64
		{3DFDFDE6-0355-412B-BD62-2D2AD36C5639}.Debug|x64.ActiveCfg = Debug|x64
		{3DFDFDE6-0355-412B-BD62-2D2AD36C5639}.Debug|x64.Build.0 = Debug|x64
		{3DFDFDE6-0355-412B-BD62-2D2AD36C5639}.Release|x64.ActiveCfg = Release|x64
		{3DFDFDE6-0355-412B-BD62-2D2AD36C5639}.Release|x64.Build.0 = Release|x64
		{3DFDFDE6-0355-412B-BD62-2D2AD36C5639}.TestAndRelease|x64.ActiveCfg = Release|x64
		{3DFDFDE6-0355-412B-BD62-2D2AD36C5639}.TestAndRelease|x64.Build.0 = Release|x64
		{78FF34E1-B093-4D10-B77B-5A3AED043DD7}.Debug|x64.ActiveCfg = Debug|x64
		{78FF34E1-B093-4D10-B77B-5A3AED043DD7}.Debug|x64.Build.0 = Debug|x64
		{78FF34E1-B093-4D10-B77B-5A3AED043DD7}.Release|x64.ActiveCfg = Release|x64
		{78FF34E1-B093-4D10-B77B-5A3AED043DD7}.Release|x64.Build.0 = Release|x64
		{78FF34E1-B093-4D10-B77B-5A3AED043DD7}.TestAndRelease|x64.ActiveCfg = Release|x64
		{78FF34E1-B093-4D10-B77B-5A3AED043DD7}.TestAndRelease|x64.Build.0 = Release|x64
		{891888CA-E5CC-4168-B6F2-2B2CED74EA37}.Debug|x64.ActiveCfg = Debug|x64
		{891888CA-E5CC-4168-B6F2-2B2CED74EA37}.Debug|x64.Build.0 = Debug|x64
		{891888CA-E5CC-4168-B6F2-2B2CED74EA37}.Release|x64.ActiveCfg = Release|x64
		{891888CA-E5CC-4168-B6F2-2B2CED74EA37}.Release|x64.Build.0 = Release|x64
		{891888CA-E5CC-4168-B6F2-2B2CED74EA37}.TestAndRelease|x64.ActiveCfg = Release|x64
		{891888CA-E5CC-4168-B6F2-2B2CED74EA37}.TestAndRelease|x64.Build.0 = Release|x64
		{04615EBF-20FC-437C-9CF7-47DA6260FAE3}.Debug|x64.ActiveCfg = Debug|x64
		{04615EBF-20FC-437C-9CF7-47DA6260FAE3}.Debug|x64.Build.0 = Debug|x64
		{04615EBF-20FC-437C-9CF7-47DA6260FAE3}.Release|x64.ActiveCfg = Release|x64
		{04615EBF-20FC-437C-9CF7-47DA6260FAE3}.TestAndRelease|x64.ActiveCfg = Release|x64
		{04615EBF-20FC-437C-9CF7-47DA6260FAE3}.TestAndRelease|x64.Build.0 = Release|x64
		{E27A5C14-0C05-466A-91CE-ABB5151A69C4}.Debug|x64.ActiveCfg = Debug|x64
		{E27A5C14-0C05-466A-91CE-ABB5151A69C4}.Debug|x64.Build.0 = Debug|x64
		{E27A5C14-0C05-466A-91CE-ABB5151A69C4}.Release|x64.ActiveCfg = Release|x64
		{E27A5C14-0C05-466A-91CE-ABB5151A69C4}.Release|x64.Build.0 = Release|x64
		{E27A5C14-0C05-466A-91CE-ABB5151A69C4}.TestAndRelease|x64.ActiveCfg = Release|x64
		{E27A5C14-0C05-466A-91CE-ABB5151A69C4}.TestAndRelease|x64.Build.0 = Release|x64
		{48CA975B-65DD-4A03-89A3-EA2448293894}.Debug|x64.ActiveCfg = Debug|x64
		{48CA975B-65DD-4A03-89A3-EA2448293894}.Debug|x64.Build.0 = Debug|x64
		{48CA975B-65DD-4A03-89A3-EA2448293894}.Release|x64.ActiveCfg = Release|x64
		{48CA975B-65DD-4A03-89A3-EA2448293894}.Release|x64.Build.0 = Release|x64
		{48CA975B-65DD-4A03-89A3-EA2448293894}.TestAndRelease|x64.ActiveCfg = Release|x64
		{48CA975B-65DD-4A03-89A3-EA2448293894}.TestAndRelease|x64.Build.0 = Release|x64
		{4661C249-5B9A-4D9F-B852-15EAF3B4F9A3}.Debug|x64.ActiveCfg = Debug|x64
		{4661C249-5B9A-4D9F-B852-15EAF3B4F9A3}.Debug|x64.Build.0 = Debug|x64
		{4661C249-5B9A-4D9F-B852-15EAF3B4F9A3}.Release|x64.ActiveCfg = Release|x64
		{4661C249-5B9A-4D9F-B852-15EAF3B4F9A3}.Release|x64.Build.0 = Release|x64
		{4661C249-5B9A-4D9F-B852-15EAF3B4F9A3}.TestAndRelease|x64.ActiveCfg = Release|x64
		{4661C249-5B9A-4D9F-B852-15EAF3B4F9A3}.TestAndRelease|x64.Build.0 = Release|x64
	EndGlobalSection
	GlobalSection(SolutionProperties) = preSolution
		HideSolutionNode = FALSE
	EndGlobalSection
	GlobalSection(ExtensibilityGlobals) = postSolution
		SolutionGuid = {6E405BAE-2EA1-4C12-B3B4-4B15A23ACD2E}
	EndGlobalSection
EndGlobal
