Microsoft Visual Studio Solution File, Format Version 12.00
# Visual Studio 15
VisualStudioVersion = 15.0.27130.2036
MinimumVisualStudioVersion = 10.0.40219.1
Project("{FAE04EC0-301F-11D3-BF4B-00C04F79EFBC}") = "Test", "Test\Test.csproj", "{D7C69058-1FE4-49BD-B994-B08C1DFB21A4}"
EndProject
Project("{FAE04EC0-301F-11D3-BF4B-00C04F79EFBC}") = "TestThermo", "TestThermo\TestThermo.csproj", "{0FA1E770-6D5E-421B-802C-FDCA44791EAA}"
	ProjectSection(ProjectDependencies) = postProject
		{8913A108-5D93-4AF7-B273-89A06E817611} = {8913A108-5D93-4AF7-B273-89A06E817611}
		{CDD56F70-D42F-4E86-A232-65F955CEF6EC} = {CDD56F70-D42F-4E86-A232-65F955CEF6EC}
	EndProjectSection
EndProject
Project("{9A19103F-16F7-4668-BE54-9A1E7A4F7556}") = "MzLibUtil", "MzLibUtil\MzLibUtil.csproj", "{B208FF5F-5A33-490D-9DDB-7C76F5600FC4}"
EndProject
Project("{9A19103F-16F7-4668-BE54-9A1E7A4F7556}") = "Chemistry", "Chemistry\Chemistry.csproj", "{CBE368BB-FC84-458D-8099-87A63D17AA3B}"
EndProject
Project("{8BC9CEB8-8B4A-11D0-8D11-00A0C91BC942}") = "ManagedThermoHelperLayer", "ManagedThermoHelperLayer\ClassLibrary1.vcxproj", "{CDD56F70-D42F-4E86-A232-65F955CEF6EC}"
EndProject
Project("{9A19103F-16F7-4668-BE54-9A1E7A4F7556}") = "MassSpectrometry", "MassSpectrometry\MassSpectrometry.csproj", "{6FEBB7ED-0BE6-4493-817E-CEFD4CBE61DD}"
EndProject
Project("{9A19103F-16F7-4668-BE54-9A1E7A4F7556}") = "MzIdentML", "MzIdentML\MzIdentML.csproj", "{63D869DF-55D8-4043-AD89-F90462403EBB}"
EndProject
Project("{9A19103F-16F7-4668-BE54-9A1E7A4F7556}") = "MzML", "MzML\MzML.csproj", "{012434FB-88A9-4DEC-B887-5F64C0B481D4}"
EndProject
Project("{9A19103F-16F7-4668-BE54-9A1E7A4F7556}") = "Proteomics", "Proteomics\Proteomics.csproj", "{4AB6BA94-B70C-4570-9EA6-165746D5B8E8}"
EndProject
Project("{9A19103F-16F7-4668-BE54-9A1E7A4F7556}") = "Spectra", "Spectra\Spectra.csproj", "{088E4FCB-D580-4BAD-A811-A1796A7666D2}"
EndProject
Project("{FAE04EC0-301F-11D3-BF4B-00C04F79EFBC}") = "Thermo", "Thermo\Thermo.csproj", "{24DC85FF-E97B-4140-9614-77DD8FDDD32F}"
EndProject
Project("{8BC9CEB8-8B4A-11D0-8D11-00A0C91BC942}") = "UnmanagedThermoHelperLayer", "UnmanagedThermoHelperLayer\Win32Project8.vcxproj", "{8913A108-5D93-4AF7-B273-89A06E817611}"
EndProject
Project("{9A19103F-16F7-4668-BE54-9A1E7A4F7556}") = "UsefulProteomicsDatabases", "UsefulProteomicsDatabases\UsefulProteomicsDatabases.csproj", "{16F857B5-4942-4FA2-B198-BD4D14C1B2E4}"
EndProject
Project("{9A19103F-16F7-4668-BE54-9A1E7A4F7556}") = "PepXML", "PepXML\PepXML.csproj", "{7CD7B0D5-D5D3-4422-9FD3-2919C8CD1121}"
EndProject
Project("{FAE04EC0-301F-11D3-BF4B-00C04F79EFBC}") = "MS1decon", "MS1decon\MS1decon.csproj", "{1D54A7B3-E523-418A-92B6-16399358A8F6}"
EndProject
Project("{FAE04EC0-301F-11D3-BF4B-00C04F79EFBC}") = "MS2decon", "MS2decon\MS2decon.csproj", "{8BD4834D-FBF2-4CB3-9496-4E0F697A0D87}"
	ProjectSection(ProjectDependencies) = postProject
		{8913A108-5D93-4AF7-B273-89A06E817611} = {8913A108-5D93-4AF7-B273-89A06E817611}
		{CDD56F70-D42F-4E86-A232-65F955CEF6EC} = {CDD56F70-D42F-4E86-A232-65F955CEF6EC}
	EndProjectSection
EndProject
Project("{9A19103F-16F7-4668-BE54-9A1E7A4F7556}") = "FlashLFQ", "FlashLFQ\FlashLFQ.csproj", "{ACE491E5-AC71-4B19-99C9-A947E92EB6C1}"
EndProject
Project("{FAE04EC0-301F-11D3-BF4B-00C04F79EFBC}") = "TestFlashLFQ", "TestFlashLFQ\TestFlashLFQ.csproj", "{AD596BA0-702A-45CB-B9EB-F50D78259FC8}"
EndProject
Project("{9A19103F-16F7-4668-BE54-9A1E7A4F7556}") = "Mgf", "Mgf\Mgf.csproj", "{D8BCAE00-E826-4771-A423-8B47D8D86EF4}"
EndProject
Global
	GlobalSection(SolutionConfigurationPlatforms) = preSolution
		Debug|Any CPU = Debug|Any CPU
		Release|Any CPU = Release|Any CPU
		TestAndRelease|Any CPU = TestAndRelease|Any CPU
	EndGlobalSection
	GlobalSection(ProjectConfigurationPlatforms) = postSolution
		{D7C69058-1FE4-49BD-B994-B08C1DFB21A4}.Debug|Any CPU.ActiveCfg = Debug|x64
		{D7C69058-1FE4-49BD-B994-B08C1DFB21A4}.Debug|Any CPU.Build.0 = Debug|x64
		{D7C69058-1FE4-49BD-B994-B08C1DFB21A4}.Release|Any CPU.ActiveCfg = Release|x64
		{D7C69058-1FE4-49BD-B994-B08C1DFB21A4}.Release|Any CPU.Build.0 = Release|x64
		{D7C69058-1FE4-49BD-B994-B08C1DFB21A4}.TestAndRelease|Any CPU.ActiveCfg = Release|x64
		{D7C69058-1FE4-49BD-B994-B08C1DFB21A4}.TestAndRelease|Any CPU.Build.0 = Release|x64
		{0FA1E770-6D5E-421B-802C-FDCA44791EAA}.Debug|Any CPU.ActiveCfg = Debug|x64
		{0FA1E770-6D5E-421B-802C-FDCA44791EAA}.Debug|Any CPU.Build.0 = Debug|x64
		{0FA1E770-6D5E-421B-802C-FDCA44791EAA}.Release|Any CPU.ActiveCfg = Release|x64
		{0FA1E770-6D5E-421B-802C-FDCA44791EAA}.Release|Any CPU.Build.0 = Release|x64
		{0FA1E770-6D5E-421B-802C-FDCA44791EAA}.TestAndRelease|Any CPU.ActiveCfg = Release|x64
		{0FA1E770-6D5E-421B-802C-FDCA44791EAA}.TestAndRelease|Any CPU.Build.0 = Release|x64
		{B208FF5F-5A33-490D-9DDB-7C76F5600FC4}.Debug|Any CPU.ActiveCfg = Debug|Any CPU
		{B208FF5F-5A33-490D-9DDB-7C76F5600FC4}.Debug|Any CPU.Build.0 = Debug|Any CPU
		{B208FF5F-5A33-490D-9DDB-7C76F5600FC4}.Release|Any CPU.ActiveCfg = Release|Any CPU
		{B208FF5F-5A33-490D-9DDB-7C76F5600FC4}.Release|Any CPU.Build.0 = Release|Any CPU
		{B208FF5F-5A33-490D-9DDB-7C76F5600FC4}.TestAndRelease|Any CPU.ActiveCfg = Release|Any CPU
		{B208FF5F-5A33-490D-9DDB-7C76F5600FC4}.TestAndRelease|Any CPU.Build.0 = Release|Any CPU
		{CBE368BB-FC84-458D-8099-87A63D17AA3B}.Debug|Any CPU.ActiveCfg = Debug|Any CPU
		{CBE368BB-FC84-458D-8099-87A63D17AA3B}.Debug|Any CPU.Build.0 = Debug|Any CPU
		{CBE368BB-FC84-458D-8099-87A63D17AA3B}.Release|Any CPU.ActiveCfg = Release|Any CPU
		{CBE368BB-FC84-458D-8099-87A63D17AA3B}.Release|Any CPU.Build.0 = Release|Any CPU
		{CBE368BB-FC84-458D-8099-87A63D17AA3B}.TestAndRelease|Any CPU.ActiveCfg = Release|Any CPU
		{CBE368BB-FC84-458D-8099-87A63D17AA3B}.TestAndRelease|Any CPU.Build.0 = Release|Any CPU
		{CDD56F70-D42F-4E86-A232-65F955CEF6EC}.Debug|Any CPU.ActiveCfg = Debug|x64
		{CDD56F70-D42F-4E86-A232-65F955CEF6EC}.Debug|Any CPU.Build.0 = Debug|x64
		{CDD56F70-D42F-4E86-A232-65F955CEF6EC}.Release|Any CPU.ActiveCfg = Release|x64
		{CDD56F70-D42F-4E86-A232-65F955CEF6EC}.Release|Any CPU.Build.0 = Release|x64
		{CDD56F70-D42F-4E86-A232-65F955CEF6EC}.TestAndRelease|Any CPU.ActiveCfg = Release|x64
		{CDD56F70-D42F-4E86-A232-65F955CEF6EC}.TestAndRelease|Any CPU.Build.0 = Release|x64
		{6FEBB7ED-0BE6-4493-817E-CEFD4CBE61DD}.Debug|Any CPU.ActiveCfg = Debug|Any CPU
		{6FEBB7ED-0BE6-4493-817E-CEFD4CBE61DD}.Debug|Any CPU.Build.0 = Debug|Any CPU
		{6FEBB7ED-0BE6-4493-817E-CEFD4CBE61DD}.Release|Any CPU.ActiveCfg = Release|Any CPU
		{6FEBB7ED-0BE6-4493-817E-CEFD4CBE61DD}.Release|Any CPU.Build.0 = Release|Any CPU
		{6FEBB7ED-0BE6-4493-817E-CEFD4CBE61DD}.TestAndRelease|Any CPU.ActiveCfg = Release|Any CPU
		{6FEBB7ED-0BE6-4493-817E-CEFD4CBE61DD}.TestAndRelease|Any CPU.Build.0 = Release|Any CPU
		{63D869DF-55D8-4043-AD89-F90462403EBB}.Debug|Any CPU.ActiveCfg = Debug|Any CPU
		{63D869DF-55D8-4043-AD89-F90462403EBB}.Debug|Any CPU.Build.0 = Debug|Any CPU
		{63D869DF-55D8-4043-AD89-F90462403EBB}.Release|Any CPU.ActiveCfg = Release|Any CPU
		{63D869DF-55D8-4043-AD89-F90462403EBB}.Release|Any CPU.Build.0 = Release|Any CPU
		{63D869DF-55D8-4043-AD89-F90462403EBB}.TestAndRelease|Any CPU.ActiveCfg = Release|Any CPU
		{63D869DF-55D8-4043-AD89-F90462403EBB}.TestAndRelease|Any CPU.Build.0 = Release|Any CPU
		{012434FB-88A9-4DEC-B887-5F64C0B481D4}.Debug|Any CPU.ActiveCfg = Debug|Any CPU
		{012434FB-88A9-4DEC-B887-5F64C0B481D4}.Debug|Any CPU.Build.0 = Debug|Any CPU
		{012434FB-88A9-4DEC-B887-5F64C0B481D4}.Release|Any CPU.ActiveCfg = Release|Any CPU
		{012434FB-88A9-4DEC-B887-5F64C0B481D4}.Release|Any CPU.Build.0 = Release|Any CPU
		{012434FB-88A9-4DEC-B887-5F64C0B481D4}.TestAndRelease|Any CPU.ActiveCfg = Release|Any CPU
		{012434FB-88A9-4DEC-B887-5F64C0B481D4}.TestAndRelease|Any CPU.Build.0 = Release|Any CPU
		{4AB6BA94-B70C-4570-9EA6-165746D5B8E8}.Debug|Any CPU.ActiveCfg = Debug|Any CPU
		{4AB6BA94-B70C-4570-9EA6-165746D5B8E8}.Debug|Any CPU.Build.0 = Debug|Any CPU
		{4AB6BA94-B70C-4570-9EA6-165746D5B8E8}.Release|Any CPU.ActiveCfg = Release|Any CPU
		{4AB6BA94-B70C-4570-9EA6-165746D5B8E8}.Release|Any CPU.Build.0 = Release|Any CPU
		{4AB6BA94-B70C-4570-9EA6-165746D5B8E8}.TestAndRelease|Any CPU.ActiveCfg = Release|Any CPU
		{4AB6BA94-B70C-4570-9EA6-165746D5B8E8}.TestAndRelease|Any CPU.Build.0 = Release|Any CPU
		{088E4FCB-D580-4BAD-A811-A1796A7666D2}.Debug|Any CPU.ActiveCfg = Debug|Any CPU
		{088E4FCB-D580-4BAD-A811-A1796A7666D2}.Debug|Any CPU.Build.0 = Debug|Any CPU
		{088E4FCB-D580-4BAD-A811-A1796A7666D2}.Release|Any CPU.ActiveCfg = Release|Any CPU
		{088E4FCB-D580-4BAD-A811-A1796A7666D2}.Release|Any CPU.Build.0 = Release|Any CPU
		{088E4FCB-D580-4BAD-A811-A1796A7666D2}.TestAndRelease|Any CPU.ActiveCfg = Release|Any CPU
		{088E4FCB-D580-4BAD-A811-A1796A7666D2}.TestAndRelease|Any CPU.Build.0 = Release|Any CPU
		{24DC85FF-E97B-4140-9614-77DD8FDDD32F}.Debug|Any CPU.ActiveCfg = Debug|x64
		{24DC85FF-E97B-4140-9614-77DD8FDDD32F}.Debug|Any CPU.Build.0 = Debug|x64
		{24DC85FF-E97B-4140-9614-77DD8FDDD32F}.Release|Any CPU.ActiveCfg = Release|x64
		{24DC85FF-E97B-4140-9614-77DD8FDDD32F}.Release|Any CPU.Build.0 = Release|x64
		{24DC85FF-E97B-4140-9614-77DD8FDDD32F}.TestAndRelease|Any CPU.ActiveCfg = Release|x64
		{24DC85FF-E97B-4140-9614-77DD8FDDD32F}.TestAndRelease|Any CPU.Build.0 = Release|x64
		{8913A108-5D93-4AF7-B273-89A06E817611}.Debug|Any CPU.ActiveCfg = Debug|x64
		{8913A108-5D93-4AF7-B273-89A06E817611}.Debug|Any CPU.Build.0 = Debug|x64
		{8913A108-5D93-4AF7-B273-89A06E817611}.Release|Any CPU.ActiveCfg = Release|x64
		{8913A108-5D93-4AF7-B273-89A06E817611}.Release|Any CPU.Build.0 = Release|x64
		{8913A108-5D93-4AF7-B273-89A06E817611}.TestAndRelease|Any CPU.ActiveCfg = Release|x64
		{8913A108-5D93-4AF7-B273-89A06E817611}.TestAndRelease|Any CPU.Build.0 = Release|x64
		{16F857B5-4942-4FA2-B198-BD4D14C1B2E4}.Debug|Any CPU.ActiveCfg = Debug|Any CPU
		{16F857B5-4942-4FA2-B198-BD4D14C1B2E4}.Debug|Any CPU.Build.0 = Debug|Any CPU
		{16F857B5-4942-4FA2-B198-BD4D14C1B2E4}.Release|Any CPU.ActiveCfg = Release|Any CPU
		{16F857B5-4942-4FA2-B198-BD4D14C1B2E4}.Release|Any CPU.Build.0 = Release|Any CPU
		{16F857B5-4942-4FA2-B198-BD4D14C1B2E4}.TestAndRelease|Any CPU.ActiveCfg = Release|Any CPU
		{16F857B5-4942-4FA2-B198-BD4D14C1B2E4}.TestAndRelease|Any CPU.Build.0 = Release|Any CPU
		{7CD7B0D5-D5D3-4422-9FD3-2919C8CD1121}.Debug|Any CPU.ActiveCfg = Debug|Any CPU
		{7CD7B0D5-D5D3-4422-9FD3-2919C8CD1121}.Debug|Any CPU.Build.0 = Debug|Any CPU
		{7CD7B0D5-D5D3-4422-9FD3-2919C8CD1121}.Release|Any CPU.ActiveCfg = Release|Any CPU
		{7CD7B0D5-D5D3-4422-9FD3-2919C8CD1121}.Release|Any CPU.Build.0 = Release|Any CPU
		{7CD7B0D5-D5D3-4422-9FD3-2919C8CD1121}.TestAndRelease|Any CPU.ActiveCfg = Release|Any CPU
		{7CD7B0D5-D5D3-4422-9FD3-2919C8CD1121}.TestAndRelease|Any CPU.Build.0 = Release|Any CPU
		{1D54A7B3-E523-418A-92B6-16399358A8F6}.Debug|Any CPU.ActiveCfg = Debug|x64
		{1D54A7B3-E523-418A-92B6-16399358A8F6}.Debug|Any CPU.Build.0 = Debug|x64
		{1D54A7B3-E523-418A-92B6-16399358A8F6}.Release|Any CPU.ActiveCfg = Release|x64
		{1D54A7B3-E523-418A-92B6-16399358A8F6}.Release|Any CPU.Build.0 = Release|x64
		{1D54A7B3-E523-418A-92B6-16399358A8F6}.TestAndRelease|Any CPU.ActiveCfg = Release|x64
		{1D54A7B3-E523-418A-92B6-16399358A8F6}.TestAndRelease|Any CPU.Build.0 = Release|x64
		{8BD4834D-FBF2-4CB3-9496-4E0F697A0D87}.Debug|Any CPU.ActiveCfg = Debug|x64
		{8BD4834D-FBF2-4CB3-9496-4E0F697A0D87}.Debug|Any CPU.Build.0 = Debug|x64
		{8BD4834D-FBF2-4CB3-9496-4E0F697A0D87}.Release|Any CPU.ActiveCfg = Release|x64
		{8BD4834D-FBF2-4CB3-9496-4E0F697A0D87}.Release|Any CPU.Build.0 = Release|x64
		{8BD4834D-FBF2-4CB3-9496-4E0F697A0D87}.TestAndRelease|Any CPU.ActiveCfg = Release|x64
		{8BD4834D-FBF2-4CB3-9496-4E0F697A0D87}.TestAndRelease|Any CPU.Build.0 = Release|x64
		{ACE491E5-AC71-4B19-99C9-A947E92EB6C1}.Debug|Any CPU.ActiveCfg = Debug|Any CPU
		{ACE491E5-AC71-4B19-99C9-A947E92EB6C1}.Debug|Any CPU.Build.0 = Debug|Any CPU
		{ACE491E5-AC71-4B19-99C9-A947E92EB6C1}.Release|Any CPU.ActiveCfg = Release|Any CPU
		{ACE491E5-AC71-4B19-99C9-A947E92EB6C1}.Release|Any CPU.Build.0 = Release|Any CPU
		{ACE491E5-AC71-4B19-99C9-A947E92EB6C1}.TestAndRelease|Any CPU.ActiveCfg = Release|Any CPU
		{ACE491E5-AC71-4B19-99C9-A947E92EB6C1}.TestAndRelease|Any CPU.Build.0 = Release|Any CPU
		{AD596BA0-702A-45CB-B9EB-F50D78259FC8}.Debug|Any CPU.ActiveCfg = Debug|Any CPU
		{AD596BA0-702A-45CB-B9EB-F50D78259FC8}.Debug|Any CPU.Build.0 = Debug|Any CPU
		{AD596BA0-702A-45CB-B9EB-F50D78259FC8}.Release|Any CPU.ActiveCfg = Release|Any CPU
		{AD596BA0-702A-45CB-B9EB-F50D78259FC8}.Release|Any CPU.Build.0 = Release|Any CPU
		{AD596BA0-702A-45CB-B9EB-F50D78259FC8}.TestAndRelease|Any CPU.ActiveCfg = Release|Any CPU
		{AD596BA0-702A-45CB-B9EB-F50D78259FC8}.TestAndRelease|Any CPU.Build.0 = Release|Any CPU
		{D8BCAE00-E826-4771-A423-8B47D8D86EF4}.Debug|Any CPU.ActiveCfg = Debug|Any CPU
		{D8BCAE00-E826-4771-A423-8B47D8D86EF4}.Debug|Any CPU.Build.0 = Debug|Any CPU
		{D8BCAE00-E826-4771-A423-8B47D8D86EF4}.Release|Any CPU.ActiveCfg = Release|Any CPU
		{D8BCAE00-E826-4771-A423-8B47D8D86EF4}.Release|Any CPU.Build.0 = Release|Any CPU
		{D8BCAE00-E826-4771-A423-8B47D8D86EF4}.TestAndRelease|Any CPU.ActiveCfg = Release|Any CPU
		{D8BCAE00-E826-4771-A423-8B47D8D86EF4}.TestAndRelease|Any CPU.Build.0 = Release|Any CPU
	EndGlobalSection
	GlobalSection(SolutionProperties) = preSolution
		HideSolutionNode = FALSE
	EndGlobalSection
	GlobalSection(ExtensibilityGlobals) = postSolution
		SolutionGuid = {B7C26F74-0023-4108-B9D4-EA1E86CA569B}
	EndGlobalSection
EndGlobal
