
Microsoft Visual Studio Solution File, Format Version 12.00
# Visual Studio Version 16
VisualStudioVersion = 16.0.29403.142
MinimumVisualStudioVersion = 10.0.40219.1
Project("{9A19103F-16F7-4668-BE54-9A1E7A4F7556}") = "Chemistry", "Chemistry\Chemistry.csproj", "{4658AE10-B660-46DB-B56B-7F4701339FD0}"
EndProject
Project("{9A19103F-16F7-4668-BE54-9A1E7A4F7556}") = "BayesianEstimation", "BayesianEstimation\BayesianEstimation.csproj", "{3385FB51-AA75-476A-8D5E-7C55F0A2DB10}"
EndProject
Project("{9A19103F-16F7-4668-BE54-9A1E7A4F7556}") = "FlashLFQ", "FlashLFQ\FlashLFQ.csproj", "{0DE04F7B-EE40-4055-ACF7-472167B70A04}"
EndProject
Project("{9A19103F-16F7-4668-BE54-9A1E7A4F7556}") = "MassSpectrometry", "MassSpectrometry\MassSpectrometry.csproj", "{244A891E-BCDA-432F-8160-26EE0C5F8096}"
EndProject
Project("{9A19103F-16F7-4668-BE54-9A1E7A4F7556}") = "Mgf", "Mgf\Mgf.csproj", "{707DB7D7-3C7F-4E2C-91D9-A933D4FCAE2F}"
EndProject
Project("{9A19103F-16F7-4668-BE54-9A1E7A4F7556}") = "MzIdentML", "MzIdentML\MzIdentML.csproj", "{D2B8F696-1172-405B-B788-3251B27CC71A}"
EndProject
Project("{9A19103F-16F7-4668-BE54-9A1E7A4F7556}") = "MzLibUtil", "MzLibUtil\MzLibUtil.csproj", "{C5EF6CE1-9E90-48D6-A19E-FAE2A9F28E3C}"
EndProject
Project("{9A19103F-16F7-4668-BE54-9A1E7A4F7556}") = "MzML", "MzML\MzML.csproj", "{77BB63CF-30D2-4081-B397-6CB444DFB2DC}"
EndProject
Project("{9A19103F-16F7-4668-BE54-9A1E7A4F7556}") = "PepXML", "PepXML\PepXML.csproj", "{9697BC5E-1F2C-4E3C-BC53-3532CBDFFCC7}"
EndProject
Project("{9A19103F-16F7-4668-BE54-9A1E7A4F7556}") = "Proteomics", "Proteomics\Proteomics.csproj", "{AD3D126D-6359-481B-BE17-69DFB0BC4E40}"
EndProject
Project("{9A19103F-16F7-4668-BE54-9A1E7A4F7556}") = "ThermoRawFileReader", "ThermoRawFileReader\ThermoRawFileReader.csproj", "{21FD9C16-733F-444A-B4D5-E062C4420F12}"
EndProject
Project("{9A19103F-16F7-4668-BE54-9A1E7A4F7556}") = "UsefulProteomicsDatabases", "UsefulProteomicsDatabases\UsefulProteomicsDatabases.csproj", "{6A510911-5F37-4314-8176-82772B7E5AE3}"
EndProject
Project("{9A19103F-16F7-4668-BE54-9A1E7A4F7556}") = "Test", "Test\Test.csproj", "{A7181B0B-30D4-43F9-B81F-D33EAE9EC4E3}"
EndProject
Project("{9A19103F-16F7-4668-BE54-9A1E7A4F7556}") = "TestFlashLFQ", "TestFlashLFQ\TestFlashLFQ.csproj", "{0E4C6C07-2FFA-48A9-9C95-7D5489DBCDD2}"
EndProject
Project("{9A19103F-16F7-4668-BE54-9A1E7A4F7556}") = "mzPlot", "mzPlot\mzPlot.csproj", "{3DFDFDE6-0355-412B-BD62-2D2AD36C5639}"
EndProject
Global
	GlobalSection(SolutionConfigurationPlatforms) = preSolution
		Debug|Any CPU = Debug|Any CPU
		Release|Any CPU = Release|Any CPU
		TestAndRelease|Any CPU = TestAndRelease|Any CPU
	EndGlobalSection
	GlobalSection(ProjectConfigurationPlatforms) = postSolution
		{4658AE10-B660-46DB-B56B-7F4701339FD0}.Debug|Any CPU.ActiveCfg = Debug|Any CPU
		{4658AE10-B660-46DB-B56B-7F4701339FD0}.Debug|Any CPU.Build.0 = Debug|Any CPU
		{4658AE10-B660-46DB-B56B-7F4701339FD0}.Release|Any CPU.ActiveCfg = Release|Any CPU
		{4658AE10-B660-46DB-B56B-7F4701339FD0}.Release|Any CPU.Build.0 = Release|Any CPU
		{4658AE10-B660-46DB-B56B-7F4701339FD0}.TestAndRelease|Any CPU.ActiveCfg = Release|Any CPU
		{4658AE10-B660-46DB-B56B-7F4701339FD0}.TestAndRelease|Any CPU.Build.0 = Release|Any CPU
		{3385FB51-AA75-476A-8D5E-7C55F0A2DB10}.Debug|Any CPU.ActiveCfg = Debug|Any CPU
		{3385FB51-AA75-476A-8D5E-7C55F0A2DB10}.Debug|Any CPU.Build.0 = Debug|Any CPU
		{3385FB51-AA75-476A-8D5E-7C55F0A2DB10}.Release|Any CPU.ActiveCfg = Release|Any CPU
		{3385FB51-AA75-476A-8D5E-7C55F0A2DB10}.Release|Any CPU.Build.0 = Release|Any CPU
		{3385FB51-AA75-476A-8D5E-7C55F0A2DB10}.TestAndRelease|Any CPU.ActiveCfg = Release|Any CPU
		{3385FB51-AA75-476A-8D5E-7C55F0A2DB10}.TestAndRelease|Any CPU.Build.0 = Release|Any CPU
		{0DE04F7B-EE40-4055-ACF7-472167B70A04}.Debug|Any CPU.ActiveCfg = Debug|Any CPU
		{0DE04F7B-EE40-4055-ACF7-472167B70A04}.Debug|Any CPU.Build.0 = Debug|Any CPU
		{0DE04F7B-EE40-4055-ACF7-472167B70A04}.Release|Any CPU.ActiveCfg = Release|Any CPU
		{0DE04F7B-EE40-4055-ACF7-472167B70A04}.Release|Any CPU.Build.0 = Release|Any CPU
		{0DE04F7B-EE40-4055-ACF7-472167B70A04}.TestAndRelease|Any CPU.ActiveCfg = Release|Any CPU
		{0DE04F7B-EE40-4055-ACF7-472167B70A04}.TestAndRelease|Any CPU.Build.0 = Release|Any CPU
		{244A891E-BCDA-432F-8160-26EE0C5F8096}.Debug|Any CPU.ActiveCfg = Debug|Any CPU
		{244A891E-BCDA-432F-8160-26EE0C5F8096}.Debug|Any CPU.Build.0 = Debug|Any CPU
		{244A891E-BCDA-432F-8160-26EE0C5F8096}.Release|Any CPU.ActiveCfg = Release|Any CPU
		{244A891E-BCDA-432F-8160-26EE0C5F8096}.Release|Any CPU.Build.0 = Release|Any CPU
		{244A891E-BCDA-432F-8160-26EE0C5F8096}.TestAndRelease|Any CPU.ActiveCfg = Release|Any CPU
		{244A891E-BCDA-432F-8160-26EE0C5F8096}.TestAndRelease|Any CPU.Build.0 = Release|Any CPU
		{707DB7D7-3C7F-4E2C-91D9-A933D4FCAE2F}.Debug|Any CPU.ActiveCfg = Debug|Any CPU
		{707DB7D7-3C7F-4E2C-91D9-A933D4FCAE2F}.Debug|Any CPU.Build.0 = Debug|Any CPU
		{707DB7D7-3C7F-4E2C-91D9-A933D4FCAE2F}.Release|Any CPU.ActiveCfg = Release|Any CPU
		{707DB7D7-3C7F-4E2C-91D9-A933D4FCAE2F}.Release|Any CPU.Build.0 = Release|Any CPU
		{707DB7D7-3C7F-4E2C-91D9-A933D4FCAE2F}.TestAndRelease|Any CPU.ActiveCfg = Release|Any CPU
		{707DB7D7-3C7F-4E2C-91D9-A933D4FCAE2F}.TestAndRelease|Any CPU.Build.0 = Release|Any CPU
		{D2B8F696-1172-405B-B788-3251B27CC71A}.Debug|Any CPU.ActiveCfg = Debug|Any CPU
		{D2B8F696-1172-405B-B788-3251B27CC71A}.Debug|Any CPU.Build.0 = Debug|Any CPU
		{D2B8F696-1172-405B-B788-3251B27CC71A}.Release|Any CPU.ActiveCfg = Release|Any CPU
		{D2B8F696-1172-405B-B788-3251B27CC71A}.Release|Any CPU.Build.0 = Release|Any CPU
		{D2B8F696-1172-405B-B788-3251B27CC71A}.TestAndRelease|Any CPU.ActiveCfg = Release|Any CPU
		{D2B8F696-1172-405B-B788-3251B27CC71A}.TestAndRelease|Any CPU.Build.0 = Release|Any CPU
		{C5EF6CE1-9E90-48D6-A19E-FAE2A9F28E3C}.Debug|Any CPU.ActiveCfg = Debug|Any CPU
		{C5EF6CE1-9E90-48D6-A19E-FAE2A9F28E3C}.Debug|Any CPU.Build.0 = Debug|Any CPU
		{C5EF6CE1-9E90-48D6-A19E-FAE2A9F28E3C}.Release|Any CPU.ActiveCfg = Release|Any CPU
		{C5EF6CE1-9E90-48D6-A19E-FAE2A9F28E3C}.Release|Any CPU.Build.0 = Release|Any CPU
		{C5EF6CE1-9E90-48D6-A19E-FAE2A9F28E3C}.TestAndRelease|Any CPU.ActiveCfg = Release|Any CPU
		{C5EF6CE1-9E90-48D6-A19E-FAE2A9F28E3C}.TestAndRelease|Any CPU.Build.0 = Release|Any CPU
		{77BB63CF-30D2-4081-B397-6CB444DFB2DC}.Debug|Any CPU.ActiveCfg = Debug|Any CPU
		{77BB63CF-30D2-4081-B397-6CB444DFB2DC}.Debug|Any CPU.Build.0 = Debug|Any CPU
		{77BB63CF-30D2-4081-B397-6CB444DFB2DC}.Release|Any CPU.ActiveCfg = Release|Any CPU
		{77BB63CF-30D2-4081-B397-6CB444DFB2DC}.Release|Any CPU.Build.0 = Release|Any CPU
		{77BB63CF-30D2-4081-B397-6CB444DFB2DC}.TestAndRelease|Any CPU.ActiveCfg = Release|Any CPU
		{77BB63CF-30D2-4081-B397-6CB444DFB2DC}.TestAndRelease|Any CPU.Build.0 = Release|Any CPU
		{9697BC5E-1F2C-4E3C-BC53-3532CBDFFCC7}.Debug|Any CPU.ActiveCfg = Debug|Any CPU
		{9697BC5E-1F2C-4E3C-BC53-3532CBDFFCC7}.Debug|Any CPU.Build.0 = Debug|Any CPU
		{9697BC5E-1F2C-4E3C-BC53-3532CBDFFCC7}.Release|Any CPU.ActiveCfg = Release|Any CPU
		{9697BC5E-1F2C-4E3C-BC53-3532CBDFFCC7}.Release|Any CPU.Build.0 = Release|Any CPU
		{9697BC5E-1F2C-4E3C-BC53-3532CBDFFCC7}.TestAndRelease|Any CPU.ActiveCfg = Release|Any CPU
		{9697BC5E-1F2C-4E3C-BC53-3532CBDFFCC7}.TestAndRelease|Any CPU.Build.0 = Release|Any CPU
		{AD3D126D-6359-481B-BE17-69DFB0BC4E40}.Debug|Any CPU.ActiveCfg = Debug|Any CPU
		{AD3D126D-6359-481B-BE17-69DFB0BC4E40}.Debug|Any CPU.Build.0 = Debug|Any CPU
		{AD3D126D-6359-481B-BE17-69DFB0BC4E40}.Release|Any CPU.ActiveCfg = Release|Any CPU
		{AD3D126D-6359-481B-BE17-69DFB0BC4E40}.Release|Any CPU.Build.0 = Release|Any CPU
		{AD3D126D-6359-481B-BE17-69DFB0BC4E40}.TestAndRelease|Any CPU.ActiveCfg = Release|Any CPU
		{AD3D126D-6359-481B-BE17-69DFB0BC4E40}.TestAndRelease|Any CPU.Build.0 = Release|Any CPU
		{21FD9C16-733F-444A-B4D5-E062C4420F12}.Debug|Any CPU.ActiveCfg = Debug|Any CPU
		{21FD9C16-733F-444A-B4D5-E062C4420F12}.Debug|Any CPU.Build.0 = Debug|Any CPU
		{21FD9C16-733F-444A-B4D5-E062C4420F12}.Release|Any CPU.ActiveCfg = Release|Any CPU
		{21FD9C16-733F-444A-B4D5-E062C4420F12}.Release|Any CPU.Build.0 = Release|Any CPU
		{21FD9C16-733F-444A-B4D5-E062C4420F12}.TestAndRelease|Any CPU.ActiveCfg = Release|Any CPU
		{21FD9C16-733F-444A-B4D5-E062C4420F12}.TestAndRelease|Any CPU.Build.0 = Release|Any CPU
		{6A510911-5F37-4314-8176-82772B7E5AE3}.Debug|Any CPU.ActiveCfg = Debug|Any CPU
		{6A510911-5F37-4314-8176-82772B7E5AE3}.Debug|Any CPU.Build.0 = Debug|Any CPU
		{6A510911-5F37-4314-8176-82772B7E5AE3}.Release|Any CPU.ActiveCfg = Release|Any CPU
		{6A510911-5F37-4314-8176-82772B7E5AE3}.Release|Any CPU.Build.0 = Release|Any CPU
		{6A510911-5F37-4314-8176-82772B7E5AE3}.TestAndRelease|Any CPU.ActiveCfg = Release|Any CPU
		{6A510911-5F37-4314-8176-82772B7E5AE3}.TestAndRelease|Any CPU.Build.0 = Release|Any CPU
		{A7181B0B-30D4-43F9-B81F-D33EAE9EC4E3}.Debug|Any CPU.ActiveCfg = Debug|Any CPU
		{A7181B0B-30D4-43F9-B81F-D33EAE9EC4E3}.Debug|Any CPU.Build.0 = Debug|Any CPU
		{A7181B0B-30D4-43F9-B81F-D33EAE9EC4E3}.Release|Any CPU.ActiveCfg = Release|Any CPU
		{A7181B0B-30D4-43F9-B81F-D33EAE9EC4E3}.Release|Any CPU.Build.0 = Release|Any CPU
		{A7181B0B-30D4-43F9-B81F-D33EAE9EC4E3}.TestAndRelease|Any CPU.ActiveCfg = Release|Any CPU
		{A7181B0B-30D4-43F9-B81F-D33EAE9EC4E3}.TestAndRelease|Any CPU.Build.0 = Release|Any CPU
		{0E4C6C07-2FFA-48A9-9C95-7D5489DBCDD2}.Debug|Any CPU.ActiveCfg = Debug|Any CPU
		{0E4C6C07-2FFA-48A9-9C95-7D5489DBCDD2}.Debug|Any CPU.Build.0 = Debug|Any CPU
		{0E4C6C07-2FFA-48A9-9C95-7D5489DBCDD2}.Release|Any CPU.ActiveCfg = Release|Any CPU
		{0E4C6C07-2FFA-48A9-9C95-7D5489DBCDD2}.Release|Any CPU.Build.0 = Release|Any CPU
		{0E4C6C07-2FFA-48A9-9C95-7D5489DBCDD2}.TestAndRelease|Any CPU.ActiveCfg = Release|Any CPU
		{0E4C6C07-2FFA-48A9-9C95-7D5489DBCDD2}.TestAndRelease|Any CPU.Build.0 = Release|Any CPU
		{3DFDFDE6-0355-412B-BD62-2D2AD36C5639}.Debug|Any CPU.ActiveCfg = Debug|Any CPU
		{3DFDFDE6-0355-412B-BD62-2D2AD36C5639}.Debug|Any CPU.Build.0 = Debug|Any CPU
		{3DFDFDE6-0355-412B-BD62-2D2AD36C5639}.Release|Any CPU.ActiveCfg = Release|Any CPU
		{3DFDFDE6-0355-412B-BD62-2D2AD36C5639}.Release|Any CPU.Build.0 = Release|Any CPU
		{3DFDFDE6-0355-412B-BD62-2D2AD36C5639}.TestAndRelease|Any CPU.ActiveCfg = Release|Any CPU
		{3DFDFDE6-0355-412B-BD62-2D2AD36C5639}.TestAndRelease|Any CPU.Build.0 = Release|Any CPU
	EndGlobalSection
	GlobalSection(SolutionProperties) = preSolution
		HideSolutionNode = FALSE
	EndGlobalSection
	GlobalSection(ExtensibilityGlobals) = postSolution
		SolutionGuid = {6E405BAE-2EA1-4C12-B3B4-4B15A23ACD2E}
	EndGlobalSection
EndGlobal
