// !$*UTF8*$!
{
	archiveVersion = 1;
	classes = {
	};
	objectVersion = 55;
	objects = {

/* Begin PBXBuildFile section */
		6A19E48C27D7E30600AD48CF /* UniDec_Main.h in Headers */ = {isa = PBXBuildFile; fileRef = 6A19E48027D7E30500AD48CF /* UniDec_Main.h */; };
		6A19E48D27D7E30600AD48CF /* UD_charge.h in Headers */ = {isa = PBXBuildFile; fileRef = 6A19E48127D7E30500AD48CF /* UD_charge.h */; };
		6A19E48E27D7E30600AD48CF /* UD_dataproc.h in Headers */ = {isa = PBXBuildFile; fileRef = 6A19E48227D7E30500AD48CF /* UD_dataproc.h */; };
		6A19E48F27D7E30600AD48CF /* UniDec.c in Sources */ = {isa = PBXBuildFile; fileRef = 6A19E48327D7E30500AD48CF /* UniDec.c */; };
		6A19E49027D7E30600AD48CF /* UD_analysis.h in Headers */ = {isa = PBXBuildFile; fileRef = 6A19E48427D7E30500AD48CF /* UD_analysis.h */; };
		6A19E49327D7E30600AD48CF /* UD_score.h in Headers */ = {isa = PBXBuildFile; fileRef = 6A19E48727D7E30500AD48CF /* UD_score.h */; };
		6A19E49427D7E30600AD48CF /* UniDec.h in Headers */ = {isa = PBXBuildFile; fileRef = 6A19E48827D7E30500AD48CF /* UniDec.h */; };
		6A19E49C27D7EAEC00AD48CF /* Input.c in Sources */ = {isa = PBXBuildFile; fileRef = 6A19E49B27D7EAEC00AD48CF /* Input.c */; };
		6A19E49F27D7ED3C00AD48CF /* Decon.h in Headers */ = {isa = PBXBuildFile; fileRef = 6A19E49D27D7ED3C00AD48CF /* Decon.h */; };
		6A19E4A027D7ED3C00AD48CF /* Decon.c in Sources */ = {isa = PBXBuildFile; fileRef = 6A19E49E27D7ED3C00AD48CF /* Decon.c */; };
		6A19E4A327D7EDE400AD48CF /* Config.h in Headers */ = {isa = PBXBuildFile; fileRef = 6A19E4A127D7EDE400AD48CF /* Config.h */; };
		6A19E4A427D7EDE400AD48CF /* Config.c in Sources */ = {isa = PBXBuildFile; fileRef = 6A19E4A227D7EDE400AD48CF /* Config.c */; };
		6A19E4A727D7F2F400AD48CF /* Interpolation.h in Headers */ = {isa = PBXBuildFile; fileRef = 6A19E4A527D7F2F400AD48CF /* Interpolation.h */; };
		6A19E4A827D7F2F400AD48CF /* Interpolation.c in Sources */ = {isa = PBXBuildFile; fileRef = 6A19E4A627D7F2F400AD48CF /* Interpolation.c */; };
		6A19E4AB27D7F38C00AD48CF /* BlurFunctions.h in Headers */ = {isa = PBXBuildFile; fileRef = 6A19E4A927D7F38C00AD48CF /* BlurFunctions.h */; };
		6A19E4AC27D7F38C00AD48CF /* BlurFunctions.c in Sources */ = {isa = PBXBuildFile; fileRef = 6A19E4AA27D7F38C00AD48CF /* BlurFunctions.c */; };
		6A19E4AF27D7FD1800AD48CF /* Convolution.h in Headers */ = {isa = PBXBuildFile; fileRef = 6A19E4AD27D7FD1800AD48CF /* Convolution.h */; };
		6A19E4B027D7FD1800AD48CF /* Convolution.c in Sources */ = {isa = PBXBuildFile; fileRef = 6A19E4AE27D7FD1800AD48CF /* Convolution.c */; };
		6A19E4B327D7FE5A00AD48CF /* ErrorFunctions.h in Headers */ = {isa = PBXBuildFile; fileRef = 6A19E4B127D7FE5A00AD48CF /* ErrorFunctions.h */; };
		6A19E4B427D7FE5A00AD48CF /* ErrorFunctions.c in Sources */ = {isa = PBXBuildFile; fileRef = 6A19E4B227D7FE5A00AD48CF /* ErrorFunctions.c */; };
		6A19E4B727D7FE7A00AD48CF /* FitFunctions.h in Headers */ = {isa = PBXBuildFile; fileRef = 6A19E4B527D7FE7A00AD48CF /* FitFunctions.h */; };
		6A19E4B827D7FE7A00AD48CF /* FitFunctions.c in Sources */ = {isa = PBXBuildFile; fileRef = 6A19E4B627D7FE7A00AD48CF /* FitFunctions.c */; };
		6A19E4BB27D7FE9C00AD48CF /* TestMasses.h in Headers */ = {isa = PBXBuildFile; fileRef = 6A19E4B927D7FE9C00AD48CF /* TestMasses.h */; };
		6A19E4BC27D7FE9C00AD48CF /* TestMasses.c in Sources */ = {isa = PBXBuildFile; fileRef = 6A19E4BA27D7FE9C00AD48CF /* TestMasses.c */; };
		6A19E4BF27D7FECA00AD48CF /* MZPeak.h in Headers */ = {isa = PBXBuildFile; fileRef = 6A19E4BD27D7FECA00AD48CF /* MZPeak.h */; };
		6A19E4C027D7FECA00AD48CF /* MZPeak.c in Sources */ = {isa = PBXBuildFile; fileRef = 6A19E4BE27D7FECA00AD48CF /* MZPeak.c */; };
		6A19E4C327D7FEE200AD48CF /* Transforms.h in Headers */ = {isa = PBXBuildFile; fileRef = 6A19E4C127D7FEE200AD48CF /* Transforms.h */; };
		6A19E4C427D7FEE200AD48CF /* Transforms.c in Sources */ = {isa = PBXBuildFile; fileRef = 6A19E4C227D7FEE200AD48CF /* Transforms.c */; };
		6A19E4C727D7FF1100AD48CF /* Isotopes.h in Headers */ = {isa = PBXBuildFile; fileRef = 6A19E4C527D7FF1100AD48CF /* Isotopes.h */; };
		6A19E4C827D7FF1100AD48CF /* Isotopes.c in Sources */ = {isa = PBXBuildFile; fileRef = 6A19E4C627D7FF1100AD48CF /* Isotopes.c */; };
		6A19E4CB27D7FF6900AD48CF /* PointSmoothing.h in Headers */ = {isa = PBXBuildFile; fileRef = 6A19E4C927D7FF6900AD48CF /* PointSmoothing.h */; };
		6A19E4CC27D7FF6900AD48CF /* PointSmoothing.c in Sources */ = {isa = PBXBuildFile; fileRef = 6A19E4CA27D7FF6900AD48CF /* PointSmoothing.c */; };
		6A19E4CF27D7FFCA00AD48CF /* ArrayIndexing.h in Headers */ = {isa = PBXBuildFile; fileRef = 6A19E4CD27D7FFCA00AD48CF /* ArrayIndexing.h */; };
		6A19E4D027D7FFCA00AD48CF /* ArrayIndexing.c in Sources */ = {isa = PBXBuildFile; fileRef = 6A19E4CE27D7FFCA00AD48CF /* ArrayIndexing.c */; };
		6A19E4D327D7FFEA00AD48CF /* Sorting.h in Headers */ = {isa = PBXBuildFile; fileRef = 6A19E4D127D7FFEA00AD48CF /* Sorting.h */; };
		6A19E4D427D7FFEA00AD48CF /* Sorting.c in Sources */ = {isa = PBXBuildFile; fileRef = 6A19E4D227D7FFEA00AD48CF /* Sorting.c */; };
		6A19E4D727D8001700AD48CF /* ArgMax.h in Headers */ = {isa = PBXBuildFile; fileRef = 6A19E4D527D8001700AD48CF /* ArgMax.h */; };
		6A19E4D827D8001700AD48CF /* ArgMax.c in Sources */ = {isa = PBXBuildFile; fileRef = 6A19E4D627D8001700AD48CF /* ArgMax.c */; };
		6A19E4DB27D8003300AD48CF /* Integration.h in Headers */ = {isa = PBXBuildFile; fileRef = 6A19E4D927D8003300AD48CF /* Integration.h */; };
		6A19E4DC27D8003300AD48CF /* Integration.c in Sources */ = {isa = PBXBuildFile; fileRef = 6A19E4DA27D8003300AD48CF /* Integration.c */; };
		6A19E4DF27D8004700AD48CF /* Kernel.h in Headers */ = {isa = PBXBuildFile; fileRef = 6A19E4DD27D8004700AD48CF /* Kernel.h */; };
		6A19E4E027D8004700AD48CF /* Kernel.c in Sources */ = {isa = PBXBuildFile; fileRef = 6A19E4DE27D8004700AD48CF /* Kernel.c */; };
		6A19E4E327D8007400AD48CF /* FileReading.h in Headers */ = {isa = PBXBuildFile; fileRef = 6A19E4E127D8007400AD48CF /* FileReading.h */; };
		6A19E4E427D8007400AD48CF /* FileReading.c in Sources */ = {isa = PBXBuildFile; fileRef = 6A19E4E227D8007400AD48CF /* FileReading.c */; };
		6A19E4E727D8008800AD48CF /* MathUtilities.h in Headers */ = {isa = PBXBuildFile; fileRef = 6A19E4E527D8008800AD48CF /* MathUtilities.h */; };
		6A19E4E827D8008800AD48CF /* MathUtilities.c in Sources */ = {isa = PBXBuildFile; fileRef = 6A19E4E627D8008800AD48CF /* MathUtilities.c */; };
		6A19E4EB27D800B100AD48CF /* Normalization.h in Headers */ = {isa = PBXBuildFile; fileRef = 6A19E4E927D800B000AD48CF /* Normalization.h */; };
		6A19E4EC27D800B100AD48CF /* Normalization.c in Sources */ = {isa = PBXBuildFile; fileRef = 6A19E4EA27D800B100AD48CF /* Normalization.c */; };
		6A19E4EF27D800C800AD48CF /* GeneralUtility.h in Headers */ = {isa = PBXBuildFile; fileRef = 6A19E4ED27D800C800AD48CF /* GeneralUtility.h */; };
		6A19E4F027D800C800AD48CF /* GeneralUtility.c in Sources */ = {isa = PBXBuildFile; fileRef = 6A19E4EE27D800C800AD48CF /* GeneralUtility.c */; };
		6A19E4F327D8011100AD48CF /* Unused.h in Headers */ = {isa = PBXBuildFile; fileRef = 6A19E4F127D8011100AD48CF /* Unused.h */; };
		6A19E4F427D8011100AD48CF /* Unused.c in Sources */ = {isa = PBXBuildFile; fileRef = 6A19E4F227D8011100AD48CF /* Unused.c */; };
		6A19E4F727D8014700AD48CF /* Confidence.h in Headers */ = {isa = PBXBuildFile; fileRef = 6A19E4F527D8014700AD48CF /* Confidence.h */; };
		6A19E4F827D8014700AD48CF /* Confidence.c in Sources */ = {isa = PBXBuildFile; fileRef = 6A19E4F627D8014700AD48CF /* Confidence.c */; };
		6A19E4FA27D802B100AD48CF /* UniDec_Main.c in Sources */ = {isa = PBXBuildFile; fileRef = 6A19E4F927D802B100AD48CF /* UniDec_Main.c */; };
		6A19E4FC27D803CB00AD48CF /* UD_score.c in Sources */ = {isa = PBXBuildFile; fileRef = 6A19E4FB27D803CB00AD48CF /* UD_score.c */; };
		6A19E4FE27D803E400AD48CF /* UD_analysis.c in Sources */ = {isa = PBXBuildFile; fileRef = 6A19E4FD27D803E400AD48CF /* UD_analysis.c */; };
		6A19E50027D8040800AD48CF /* UD_charge.c in Sources */ = {isa = PBXBuildFile; fileRef = 6A19E4FF27D8040800AD48CF /* UD_charge.c */; };
		6A19E50227D8043900AD48CF /* UD_dataproc.c in Sources */ = {isa = PBXBuildFile; fileRef = 6A19E50127D8043900AD48CF /* UD_dataproc.c */; };
/* End PBXBuildFile section */

/* Begin PBXFileReference section */
		6A19E47927D7E2E800AD48CF /* libUniDecLibrary.dylib */ = {isa = PBXFileReference; explicitFileType = "compiled.mach-o.dylib"; includeInIndex = 0; path = libUniDecLibrary.dylib; sourceTree = BUILT_PRODUCTS_DIR; };
		6A19E48027D7E30500AD48CF /* UniDec_Main.h */ = {isa = PBXFileReference; fileEncoding = 4; lastKnownFileType = sourcecode.c.h; path = UniDec_Main.h; sourceTree = "<group>"; };
		6A19E48127D7E30500AD48CF /* UD_charge.h */ = {isa = PBXFileReference; fileEncoding = 4; lastKnownFileType = sourcecode.c.h; path = UD_charge.h; sourceTree = "<group>"; };
		6A19E48227D7E30500AD48CF /* UD_dataproc.h */ = {isa = PBXFileReference; fileEncoding = 4; lastKnownFileType = sourcecode.c.h; path = UD_dataproc.h; sourceTree = "<group>"; };
		6A19E48327D7E30500AD48CF /* UniDec.c */ = {isa = PBXFileReference; fileEncoding = 4; lastKnownFileType = sourcecode.c.c; path = UniDec.c; sourceTree = "<group>"; };
		6A19E48427D7E30500AD48CF /* UD_analysis.h */ = {isa = PBXFileReference; fileEncoding = 4; lastKnownFileType = sourcecode.c.h; path = UD_analysis.h; sourceTree = "<group>"; };
		6A19E48727D7E30500AD48CF /* UD_score.h */ = {isa = PBXFileReference; fileEncoding = 4; lastKnownFileType = sourcecode.c.h; path = UD_score.h; sourceTree = "<group>"; };
		6A19E48827D7E30500AD48CF /* UniDec.h */ = {isa = PBXFileReference; fileEncoding = 4; lastKnownFileType = sourcecode.c.h; path = UniDec.h; sourceTree = "<group>"; };
		6A19E49927D7E89E00AD48CF /* Header.h */ = {isa = PBXFileReference; lastKnownFileType = sourcecode.c.h; path = Header.h; sourceTree = "<group>"; };
		6A19E49A27D7EA7300AD48CF /* Input.h */ = {isa = PBXFileReference; lastKnownFileType = sourcecode.c.h; path = Input.h; sourceTree = "<group>"; };
		6A19E49B27D7EAEC00AD48CF /* Input.c */ = {isa = PBXFileReference; lastKnownFileType = sourcecode.c.c; path = Input.c; sourceTree = "<group>"; };
		6A19E49D27D7ED3C00AD48CF /* Decon.h */ = {isa = PBXFileReference; lastKnownFileType = sourcecode.c.h; path = Decon.h; sourceTree = "<group>"; };
		6A19E49E27D7ED3C00AD48CF /* Decon.c */ = {isa = PBXFileReference; lastKnownFileType = sourcecode.c.c; path = Decon.c; sourceTree = "<group>"; };
		6A19E4A127D7EDE400AD48CF /* Config.h */ = {isa = PBXFileReference; lastKnownFileType = sourcecode.c.h; path = Config.h; sourceTree = "<group>"; };
		6A19E4A227D7EDE400AD48CF /* Config.c */ = {isa = PBXFileReference; lastKnownFileType = sourcecode.c.c; path = Config.c; sourceTree = "<group>"; };
		6A19E4A527D7F2F400AD48CF /* Interpolation.h */ = {isa = PBXFileReference; lastKnownFileType = sourcecode.c.h; path = Interpolation.h; sourceTree = "<group>"; };
		6A19E4A627D7F2F400AD48CF /* Interpolation.c */ = {isa = PBXFileReference; lastKnownFileType = sourcecode.c.c; path = Interpolation.c; sourceTree = "<group>"; };
		6A19E4A927D7F38C00AD48CF /* BlurFunctions.h */ = {isa = PBXFileReference; lastKnownFileType = sourcecode.c.h; path = BlurFunctions.h; sourceTree = "<group>"; };
		6A19E4AA27D7F38C00AD48CF /* BlurFunctions.c */ = {isa = PBXFileReference; lastKnownFileType = sourcecode.c.c; path = BlurFunctions.c; sourceTree = "<group>"; };
		6A19E4AD27D7FD1800AD48CF /* Convolution.h */ = {isa = PBXFileReference; lastKnownFileType = sourcecode.c.h; path = Convolution.h; sourceTree = "<group>"; };
		6A19E4AE27D7FD1800AD48CF /* Convolution.c */ = {isa = PBXFileReference; lastKnownFileType = sourcecode.c.c; path = Convolution.c; sourceTree = "<group>"; };
		6A19E4B127D7FE5A00AD48CF /* ErrorFunctions.h */ = {isa = PBXFileReference; lastKnownFileType = sourcecode.c.h; path = ErrorFunctions.h; sourceTree = "<group>"; };
		6A19E4B227D7FE5A00AD48CF /* ErrorFunctions.c */ = {isa = PBXFileReference; lastKnownFileType = sourcecode.c.c; path = ErrorFunctions.c; sourceTree = "<group>"; };
		6A19E4B527D7FE7A00AD48CF /* FitFunctions.h */ = {isa = PBXFileReference; lastKnownFileType = sourcecode.c.h; path = FitFunctions.h; sourceTree = "<group>"; };
		6A19E4B627D7FE7A00AD48CF /* FitFunctions.c */ = {isa = PBXFileReference; lastKnownFileType = sourcecode.c.c; path = FitFunctions.c; sourceTree = "<group>"; };
		6A19E4B927D7FE9C00AD48CF /* TestMasses.h */ = {isa = PBXFileReference; lastKnownFileType = sourcecode.c.h; path = TestMasses.h; sourceTree = "<group>"; };
		6A19E4BA27D7FE9C00AD48CF /* TestMasses.c */ = {isa = PBXFileReference; lastKnownFileType = sourcecode.c.c; path = TestMasses.c; sourceTree = "<group>"; };
		6A19E4BD27D7FECA00AD48CF /* MZPeak.h */ = {isa = PBXFileReference; lastKnownFileType = sourcecode.c.h; path = MZPeak.h; sourceTree = "<group>"; };
		6A19E4BE27D7FECA00AD48CF /* MZPeak.c */ = {isa = PBXFileReference; lastKnownFileType = sourcecode.c.c; path = MZPeak.c; sourceTree = "<group>"; };
		6A19E4C127D7FEE200AD48CF /* Transforms.h */ = {isa = PBXFileReference; lastKnownFileType = sourcecode.c.h; path = Transforms.h; sourceTree = "<group>"; };
		6A19E4C227D7FEE200AD48CF /* Transforms.c */ = {isa = PBXFileReference; lastKnownFileType = sourcecode.c.c; path = Transforms.c; sourceTree = "<group>"; };
		6A19E4C527D7FF1100AD48CF /* Isotopes.h */ = {isa = PBXFileReference; lastKnownFileType = sourcecode.c.h; path = Isotopes.h; sourceTree = "<group>"; };
		6A19E4C627D7FF1100AD48CF /* Isotopes.c */ = {isa = PBXFileReference; lastKnownFileType = sourcecode.c.c; path = Isotopes.c; sourceTree = "<group>"; };
		6A19E4C927D7FF6900AD48CF /* PointSmoothing.h */ = {isa = PBXFileReference; lastKnownFileType = sourcecode.c.h; path = PointSmoothing.h; sourceTree = "<group>"; };
		6A19E4CA27D7FF6900AD48CF /* PointSmoothing.c */ = {isa = PBXFileReference; lastKnownFileType = sourcecode.c.c; path = PointSmoothing.c; sourceTree = "<group>"; };
		6A19E4CD27D7FFCA00AD48CF /* ArrayIndexing.h */ = {isa = PBXFileReference; lastKnownFileType = sourcecode.c.h; path = ArrayIndexing.h; sourceTree = "<group>"; };
		6A19E4CE27D7FFCA00AD48CF /* ArrayIndexing.c */ = {isa = PBXFileReference; lastKnownFileType = sourcecode.c.c; path = ArrayIndexing.c; sourceTree = "<group>"; };
		6A19E4D127D7FFEA00AD48CF /* Sorting.h */ = {isa = PBXFileReference; lastKnownFileType = sourcecode.c.h; path = Sorting.h; sourceTree = "<group>"; };
		6A19E4D227D7FFEA00AD48CF /* Sorting.c */ = {isa = PBXFileReference; lastKnownFileType = sourcecode.c.c; path = Sorting.c; sourceTree = "<group>"; };
		6A19E4D527D8001700AD48CF /* ArgMax.h */ = {isa = PBXFileReference; lastKnownFileType = sourcecode.c.h; path = ArgMax.h; sourceTree = "<group>"; };
		6A19E4D627D8001700AD48CF /* ArgMax.c */ = {isa = PBXFileReference; lastKnownFileType = sourcecode.c.c; path = ArgMax.c; sourceTree = "<group>"; };
		6A19E4D927D8003300AD48CF /* Integration.h */ = {isa = PBXFileReference; lastKnownFileType = sourcecode.c.h; path = Integration.h; sourceTree = "<group>"; };
		6A19E4DA27D8003300AD48CF /* Integration.c */ = {isa = PBXFileReference; lastKnownFileType = sourcecode.c.c; path = Integration.c; sourceTree = "<group>"; };
		6A19E4DD27D8004700AD48CF /* Kernel.h */ = {isa = PBXFileReference; lastKnownFileType = sourcecode.c.h; path = Kernel.h; sourceTree = "<group>"; };
		6A19E4DE27D8004700AD48CF /* Kernel.c */ = {isa = PBXFileReference; lastKnownFileType = sourcecode.c.c; path = Kernel.c; sourceTree = "<group>"; };
		6A19E4E127D8007400AD48CF /* FileReading.h */ = {isa = PBXFileReference; lastKnownFileType = sourcecode.c.h; path = FileReading.h; sourceTree = "<group>"; };
		6A19E4E227D8007400AD48CF /* FileReading.c */ = {isa = PBXFileReference; lastKnownFileType = sourcecode.c.c; path = FileReading.c; sourceTree = "<group>"; };
		6A19E4E527D8008800AD48CF /* MathUtilities.h */ = {isa = PBXFileReference; lastKnownFileType = sourcecode.c.h; path = MathUtilities.h; sourceTree = "<group>"; };
		6A19E4E627D8008800AD48CF /* MathUtilities.c */ = {isa = PBXFileReference; lastKnownFileType = sourcecode.c.c; path = MathUtilities.c; sourceTree = "<group>"; };
		6A19E4E927D800B000AD48CF /* Normalization.h */ = {isa = PBXFileReference; lastKnownFileType = sourcecode.c.h; path = Normalization.h; sourceTree = "<group>"; };
		6A19E4EA27D800B100AD48CF /* Normalization.c */ = {isa = PBXFileReference; lastKnownFileType = sourcecode.c.c; path = Normalization.c; sourceTree = "<group>"; };
		6A19E4ED27D800C800AD48CF /* GeneralUtility.h */ = {isa = PBXFileReference; lastKnownFileType = sourcecode.c.h; path = GeneralUtility.h; sourceTree = "<group>"; };
		6A19E4EE27D800C800AD48CF /* GeneralUtility.c */ = {isa = PBXFileReference; lastKnownFileType = sourcecode.c.c; path = GeneralUtility.c; sourceTree = "<group>"; };
		6A19E4F127D8011100AD48CF /* Unused.h */ = {isa = PBXFileReference; lastKnownFileType = sourcecode.c.h; path = Unused.h; sourceTree = "<group>"; };
		6A19E4F227D8011100AD48CF /* Unused.c */ = {isa = PBXFileReference; lastKnownFileType = sourcecode.c.c; path = Unused.c; sourceTree = "<group>"; };
		6A19E4F527D8014700AD48CF /* Confidence.h */ = {isa = PBXFileReference; lastKnownFileType = sourcecode.c.h; path = Confidence.h; sourceTree = "<group>"; };
		6A19E4F627D8014700AD48CF /* Confidence.c */ = {isa = PBXFileReference; lastKnownFileType = sourcecode.c.c; path = Confidence.c; sourceTree = "<group>"; };
		6A19E4F927D802B100AD48CF /* UniDec_Main.c */ = {isa = PBXFileReference; lastKnownFileType = sourcecode.c.c; path = UniDec_Main.c; sourceTree = "<group>"; };
		6A19E4FB27D803CB00AD48CF /* UD_score.c */ = {isa = PBXFileReference; lastKnownFileType = sourcecode.c.c; path = UD_score.c; sourceTree = "<group>"; };
		6A19E4FD27D803E400AD48CF /* UD_analysis.c */ = {isa = PBXFileReference; lastKnownFileType = sourcecode.c.c; path = UD_analysis.c; sourceTree = "<group>"; };
		6A19E4FF27D8040800AD48CF /* UD_charge.c */ = {isa = PBXFileReference; lastKnownFileType = sourcecode.c.c; path = UD_charge.c; sourceTree = "<group>"; };
		6A19E50127D8043900AD48CF /* UD_dataproc.c */ = {isa = PBXFileReference; lastKnownFileType = sourcecode.c.c; path = UD_dataproc.c; sourceTree = "<group>"; };
/* End PBXFileReference section */

/* Begin PBXFrameworksBuildPhase section */
		6A19E47727D7E2E800AD48CF /* Frameworks */ = {
			isa = PBXFrameworksBuildPhase;
			buildActionMask = 2147483647;
			files = (
			);
			runOnlyForDeploymentPostprocessing = 0;
		};
/* End PBXFrameworksBuildPhase section */

/* Begin PBXGroup section */
		6A19E47027D7E2E800AD48CF = {
			isa = PBXGroup;
			children = (
				6A19E48327D7E30500AD48CF /* UniDec.c */,
				6A19E48827D7E30500AD48CF /* UniDec.h */,
				6A19E49827D7E87900AD48CF /* UniDecMinimal */,
				6A19E47A27D7E2E800AD48CF /* Products */,
			);
			sourceTree = "<group>";
		};
		6A19E47A27D7E2E800AD48CF /* Products */ = {
			isa = PBXGroup;
			children = (
				6A19E47927D7E2E800AD48CF /* libUniDecLibrary.dylib */,
			);
			name = Products;
			sourceTree = "<group>";
		};
		6A19E49827D7E87900AD48CF /* UniDecMinimal */ = {
			isa = PBXGroup;
			children = (
				6A19E48227D7E30500AD48CF /* UD_dataproc.h */,
				6A19E50127D8043900AD48CF /* UD_dataproc.c */,
				6A19E48127D7E30500AD48CF /* UD_charge.h */,
				6A19E4FF27D8040800AD48CF /* UD_charge.c */,
				6A19E48427D7E30500AD48CF /* UD_analysis.h */,
				6A19E4FD27D803E400AD48CF /* UD_analysis.c */,
				6A19E48727D7E30500AD48CF /* UD_score.h */,
				6A19E4FB27D803CB00AD48CF /* UD_score.c */,
				6A19E4D627D8001700AD48CF /* ArgMax.c */,
				6A19E4D527D8001700AD48CF /* ArgMax.h */,
				6A19E4CE27D7FFCA00AD48CF /* ArrayIndexing.c */,
				6A19E4CD27D7FFCA00AD48CF /* ArrayIndexing.h */,
				6A19E4AA27D7F38C00AD48CF /* BlurFunctions.c */,
				6A19E4A927D7F38C00AD48CF /* BlurFunctions.h */,
				6A19E4F627D8014700AD48CF /* Confidence.c */,
				6A19E4F527D8014700AD48CF /* Confidence.h */,
				6A19E4A227D7EDE400AD48CF /* Config.c */,
				6A19E4A127D7EDE400AD48CF /* Config.h */,
				6A19E4AE27D7FD1800AD48CF /* Convolution.c */,
				6A19E4AD27D7FD1800AD48CF /* Convolution.h */,
				6A19E49E27D7ED3C00AD48CF /* Decon.c */,
				6A19E49D27D7ED3C00AD48CF /* Decon.h */,
				6A19E4B227D7FE5A00AD48CF /* ErrorFunctions.c */,
				6A19E4B127D7FE5A00AD48CF /* ErrorFunctions.h */,
				6A19E4E227D8007400AD48CF /* FileReading.c */,
				6A19E4E127D8007400AD48CF /* FileReading.h */,
				6A19E4B627D7FE7A00AD48CF /* FitFunctions.c */,
				6A19E4B527D7FE7A00AD48CF /* FitFunctions.h */,
				6A19E4EE27D800C800AD48CF /* GeneralUtility.c */,
				6A19E4ED27D800C800AD48CF /* GeneralUtility.h */,
				6A19E49927D7E89E00AD48CF /* Header.h */,
				6A19E49B27D7EAEC00AD48CF /* Input.c */,
				6A19E49A27D7EA7300AD48CF /* Input.h */,
				6A19E4DA27D8003300AD48CF /* Integration.c */,
				6A19E4D927D8003300AD48CF /* Integration.h */,
				6A19E4A627D7F2F400AD48CF /* Interpolation.c */,
				6A19E4A527D7F2F400AD48CF /* Interpolation.h */,
				6A19E4C627D7FF1100AD48CF /* Isotopes.c */,
				6A19E4C527D7FF1100AD48CF /* Isotopes.h */,
				6A19E4DE27D8004700AD48CF /* Kernel.c */,
				6A19E4DD27D8004700AD48CF /* Kernel.h */,
				6A19E4E627D8008800AD48CF /* MathUtilities.c */,
				6A19E4E527D8008800AD48CF /* MathUtilities.h */,
				6A19E4BE27D7FECA00AD48CF /* MZPeak.c */,
				6A19E4BD27D7FECA00AD48CF /* MZPeak.h */,
				6A19E4EA27D800B100AD48CF /* Normalization.c */,
				6A19E4E927D800B000AD48CF /* Normalization.h */,
				6A19E4CA27D7FF6900AD48CF /* PointSmoothing.c */,
				6A19E4C927D7FF6900AD48CF /* PointSmoothing.h */,
				6A19E4D227D7FFEA00AD48CF /* Sorting.c */,
				6A19E4D127D7FFEA00AD48CF /* Sorting.h */,
				6A19E4BA27D7FE9C00AD48CF /* TestMasses.c */,
				6A19E4B927D7FE9C00AD48CF /* TestMasses.h */,
				6A19E4C227D7FEE200AD48CF /* Transforms.c */,
				6A19E4C127D7FEE200AD48CF /* Transforms.h */,
				6A19E4F927D802B100AD48CF /* UniDec_Main.c */,
				6A19E48027D7E30500AD48CF /* UniDec_Main.h */,
				6A19E4F227D8011100AD48CF /* Unused.c */,
				6A19E4F127D8011100AD48CF /* Unused.h */,
			);
			name = UniDecMinimal;
			sourceTree = "<group>";
		};
/* End PBXGroup section */

/* Begin PBXHeadersBuildPhase section */
		6A19E47527D7E2E800AD48CF /* Headers */ = {
			isa = PBXHeadersBuildPhase;
			buildActionMask = 2147483647;
			files = (
				6A19E48E27D7E30600AD48CF /* UD_dataproc.h in Headers */,
				6A19E4AF27D7FD1800AD48CF /* Convolution.h in Headers */,
				6A19E4F727D8014700AD48CF /* Confidence.h in Headers */,
				6A19E4A327D7EDE400AD48CF /* Config.h in Headers */,
				6A19E4DB27D8003300AD48CF /* Integration.h in Headers */,
				6A19E4C727D7FF1100AD48CF /* Isotopes.h in Headers */,
				6A19E4A727D7F2F400AD48CF /* Interpolation.h in Headers */,
				6A19E4AB27D7F38C00AD48CF /* BlurFunctions.h in Headers */,
				6A19E4B327D7FE5A00AD48CF /* ErrorFunctions.h in Headers */,
				6A19E4CF27D7FFCA00AD48CF /* ArrayIndexing.h in Headers */,
				6A19E4E327D8007400AD48CF /* FileReading.h in Headers */,
				6A19E48C27D7E30600AD48CF /* UniDec_Main.h in Headers */,
				6A19E48D27D7E30600AD48CF /* UD_charge.h in Headers */,
				6A19E49F27D7ED3C00AD48CF /* Decon.h in Headers */,
				6A19E4DF27D8004700AD48CF /* Kernel.h in Headers */,
				6A19E4E727D8008800AD48CF /* MathUtilities.h in Headers */,
				6A19E4CB27D7FF6900AD48CF /* PointSmoothing.h in Headers */,
				6A19E49327D7E30600AD48CF /* UD_score.h in Headers */,
				6A19E49427D7E30600AD48CF /* UniDec.h in Headers */,
				6A19E4BF27D7FECA00AD48CF /* MZPeak.h in Headers */,
				6A19E4EF27D800C800AD48CF /* GeneralUtility.h in Headers */,
				6A19E4B727D7FE7A00AD48CF /* FitFunctions.h in Headers */,
				6A19E4F327D8011100AD48CF /* Unused.h in Headers */,
				6A19E49027D7E30600AD48CF /* UD_analysis.h in Headers */,
				6A19E4D727D8001700AD48CF /* ArgMax.h in Headers */,
				6A19E4EB27D800B100AD48CF /* Normalization.h in Headers */,
				6A19E4C327D7FEE200AD48CF /* Transforms.h in Headers */,
				6A19E4D327D7FFEA00AD48CF /* Sorting.h in Headers */,
				6A19E4BB27D7FE9C00AD48CF /* TestMasses.h in Headers */,
			);
			runOnlyForDeploymentPostprocessing = 0;
		};
/* End PBXHeadersBuildPhase section */

/* Begin PBXNativeTarget section */
		6A19E47827D7E2E800AD48CF /* UniDecLibrary */ = {
			isa = PBXNativeTarget;
			buildConfigurationList = 6A19E47D27D7E2E800AD48CF /* Build configuration list for PBXNativeTarget "UniDecLibrary" */;
			buildPhases = (
				6A19E47527D7E2E800AD48CF /* Headers */,
				6A19E47627D7E2E800AD48CF /* Sources */,
				6A19E47727D7E2E800AD48CF /* Frameworks */,
			);
			buildRules = (
			);
			dependencies = (
			);
			name = UniDecLibrary;
			productName = UniDecLibrary;
			productReference = 6A19E47927D7E2E800AD48CF /* libUniDecLibrary.dylib */;
			productType = "com.apple.product-type.library.dynamic";
		};
/* End PBXNativeTarget section */

/* Begin PBXProject section */
		6A19E47127D7E2E800AD48CF /* Project object */ = {
			isa = PBXProject;
			attributes = {
				BuildIndependentTargetsInParallel = 1;
				LastUpgradeCheck = 1320;
				TargetAttributes = {
					6A19E47827D7E2E800AD48CF = {
						CreatedOnToolsVersion = 13.2.1;
					};
				};
			};
			buildConfigurationList = 6A19E47427D7E2E800AD48CF /* Build configuration list for PBXProject "UniDecLibrary" */;
			compatibilityVersion = "Xcode 13.0";
			developmentRegion = en;
			hasScannedForEncodings = 0;
			knownRegions = (
				en,
				Base,
			);
			mainGroup = 6A19E47027D7E2E800AD48CF;
			productRefGroup = 6A19E47A27D7E2E800AD48CF /* Products */;
			projectDirPath = "";
			projectRoot = "";
			targets = (
				6A19E47827D7E2E800AD48CF /* UniDecLibrary */,
			);
		};
/* End PBXProject section */

/* Begin PBXSourcesBuildPhase section */
		6A19E47627D7E2E800AD48CF /* Sources */ = {
			isa = PBXSourcesBuildPhase;
			buildActionMask = 2147483647;
			files = (
				6A19E50227D8043900AD48CF /* UD_dataproc.c in Sources */,
				6A19E4F027D800C800AD48CF /* GeneralUtility.c in Sources */,
				6A19E4D427D7FFEA00AD48CF /* Sorting.c in Sources */,
				6A19E4C427D7FEE200AD48CF /* Transforms.c in Sources */,
				6A19E50027D8040800AD48CF /* UD_charge.c in Sources */,
				6A19E4B827D7FE7A00AD48CF /* FitFunctions.c in Sources */,
				6A19E4FA27D802B100AD48CF /* UniDec_Main.c in Sources */,
				6A19E4BC27D7FE9C00AD48CF /* TestMasses.c in Sources */,
				6A19E4FE27D803E400AD48CF /* UD_analysis.c in Sources */,
				6A19E4AC27D7F38C00AD48CF /* BlurFunctions.c in Sources */,
				6A19E4A027D7ED3C00AD48CF /* Decon.c in Sources */,
				6A19E4A827D7F2F400AD48CF /* Interpolation.c in Sources */,
				6A19E49C27D7EAEC00AD48CF /* Input.c in Sources */,
				6A19E4E027D8004700AD48CF /* Kernel.c in Sources */,
				6A19E4DC27D8003300AD48CF /* Integration.c in Sources */,
				6A19E4B427D7FE5A00AD48CF /* ErrorFunctions.c in Sources */,
				6A19E4F827D8014700AD48CF /* Confidence.c in Sources */,
				6A19E4E827D8008800AD48CF /* MathUtilities.c in Sources */,
				6A19E4F427D8011100AD48CF /* Unused.c in Sources */,
				6A19E4C027D7FECA00AD48CF /* MZPeak.c in Sources */,
				6A19E4E427D8007400AD48CF /* FileReading.c in Sources */,
				6A19E4FC27D803CB00AD48CF /* UD_score.c in Sources */,
				6A19E48F27D7E30600AD48CF /* UniDec.c in Sources */,
				6A19E4B027D7FD1800AD48CF /* Convolution.c in Sources */,
				6A19E4D827D8001700AD48CF /* ArgMax.c in Sources */,
				6A19E4CC27D7FF6900AD48CF /* PointSmoothing.c in Sources */,
				6A19E4A427D7EDE400AD48CF /* Config.c in Sources */,
				6A19E4D027D7FFCA00AD48CF /* ArrayIndexing.c in Sources */,
				6A19E4C827D7FF1100AD48CF /* Isotopes.c in Sources */,
				6A19E4EC27D800B100AD48CF /* Normalization.c in Sources */,
			);
			runOnlyForDeploymentPostprocessing = 0;
		};
/* End PBXSourcesBuildPhase section */

/* Begin XCBuildConfiguration section */
		6A19E47B27D7E2E800AD48CF /* Debug */ = {
			isa = XCBuildConfiguration;
			buildSettings = {
				ALWAYS_SEARCH_USER_PATHS = NO;
				CLANG_ANALYZER_NONNULL = YES;
				CLANG_ANALYZER_NUMBER_OBJECT_CONVERSION = YES_AGGRESSIVE;
				CLANG_CXX_LANGUAGE_STANDARD = "gnu++17";
				CLANG_CXX_LIBRARY = "libc++";
				CLANG_ENABLE_MODULES = YES;
				CLANG_ENABLE_OBJC_ARC = YES;
				CLANG_ENABLE_OBJC_WEAK = YES;
				CLANG_WARN_BLOCK_CAPTURE_AUTORELEASING = YES;
				CLANG_WARN_BOOL_CONVERSION = YES;
				CLANG_WARN_COMMA = YES;
				CLANG_WARN_CONSTANT_CONVERSION = YES;
				CLANG_WARN_DEPRECATED_OBJC_IMPLEMENTATIONS = YES;
				CLANG_WARN_DIRECT_OBJC_ISA_USAGE = YES_ERROR;
				CLANG_WARN_DOCUMENTATION_COMMENTS = YES;
				CLANG_WARN_EMPTY_BODY = YES;
				CLANG_WARN_ENUM_CONVERSION = YES;
				CLANG_WARN_INFINITE_RECURSION = YES;
				CLANG_WARN_INT_CONVERSION = YES;
				CLANG_WARN_NON_LITERAL_NULL_CONVERSION = YES;
				CLANG_WARN_OBJC_IMPLICIT_RETAIN_SELF = YES;
				CLANG_WARN_OBJC_LITERAL_CONVERSION = YES;
				CLANG_WARN_OBJC_ROOT_CLASS = YES_ERROR;
				CLANG_WARN_QUOTED_INCLUDE_IN_FRAMEWORK_HEADER = YES;
				CLANG_WARN_RANGE_LOOP_ANALYSIS = YES;
				CLANG_WARN_STRICT_PROTOTYPES = YES;
				CLANG_WARN_SUSPICIOUS_MOVE = YES;
				CLANG_WARN_UNGUARDED_AVAILABILITY = YES_AGGRESSIVE;
				CLANG_WARN_UNREACHABLE_CODE = YES;
				CLANG_WARN__DUPLICATE_METHOD_MATCH = YES;
				COPY_PHASE_STRIP = NO;
				DEBUG_INFORMATION_FORMAT = dwarf;
				ENABLE_STRICT_OBJC_MSGSEND = YES;
				ENABLE_TESTABILITY = YES;
				GCC_C_LANGUAGE_STANDARD = gnu11;
				GCC_DYNAMIC_NO_PIC = NO;
				GCC_NO_COMMON_BLOCKS = YES;
				GCC_OPTIMIZATION_LEVEL = 0;
				GCC_PREPROCESSOR_DEFINITIONS = (
					"DEBUG=1",
					"$(inherited)",
				);
				GCC_WARN_64_TO_32_BIT_CONVERSION = YES;
				GCC_WARN_ABOUT_RETURN_TYPE = YES_ERROR;
				GCC_WARN_UNDECLARED_SELECTOR = YES;
				GCC_WARN_UNINITIALIZED_AUTOS = YES_AGGRESSIVE;
				GCC_WARN_UNUSED_FUNCTION = YES;
				GCC_WARN_UNUSED_VARIABLE = YES;
				MACOSX_DEPLOYMENT_TARGET = 11.6;
				MTL_ENABLE_DEBUG_INFO = INCLUDE_SOURCE;
				MTL_FAST_MATH = YES;
				ONLY_ACTIVE_ARCH = YES;
				SDKROOT = macosx;
			};
			name = Debug;
		};
		6A19E47C27D7E2E800AD48CF /* Release */ = {
			isa = XCBuildConfiguration;
			buildSettings = {
				ALWAYS_SEARCH_USER_PATHS = NO;
				CLANG_ANALYZER_NONNULL = YES;
				CLANG_ANALYZER_NUMBER_OBJECT_CONVERSION = YES_AGGRESSIVE;
				CLANG_CXX_LANGUAGE_STANDARD = "gnu++17";
				CLANG_CXX_LIBRARY = "libc++";
				CLANG_ENABLE_MODULES = YES;
				CLANG_ENABLE_OBJC_ARC = YES;
				CLANG_ENABLE_OBJC_WEAK = YES;
				CLANG_WARN_BLOCK_CAPTURE_AUTORELEASING = YES;
				CLANG_WARN_BOOL_CONVERSION = YES;
				CLANG_WARN_COMMA = YES;
				CLANG_WARN_CONSTANT_CONVERSION = YES;
				CLANG_WARN_DEPRECATED_OBJC_IMPLEMENTATIONS = YES;
				CLANG_WARN_DIRECT_OBJC_ISA_USAGE = YES_ERROR;
				CLANG_WARN_DOCUMENTATION_COMMENTS = YES;
				CLANG_WARN_EMPTY_BODY = YES;
				CLANG_WARN_ENUM_CONVERSION = YES;
				CLANG_WARN_INFINITE_RECURSION = YES;
				CLANG_WARN_INT_CONVERSION = YES;
				CLANG_WARN_NON_LITERAL_NULL_CONVERSION = YES;
				CLANG_WARN_OBJC_IMPLICIT_RETAIN_SELF = YES;
				CLANG_WARN_OBJC_LITERAL_CONVERSION = YES;
				CLANG_WARN_OBJC_ROOT_CLASS = YES_ERROR;
				CLANG_WARN_QUOTED_INCLUDE_IN_FRAMEWORK_HEADER = YES;
				CLANG_WARN_RANGE_LOOP_ANALYSIS = YES;
				CLANG_WARN_STRICT_PROTOTYPES = YES;
				CLANG_WARN_SUSPICIOUS_MOVE = YES;
				CLANG_WARN_UNGUARDED_AVAILABILITY = YES_AGGRESSIVE;
				CLANG_WARN_UNREACHABLE_CODE = YES;
				CLANG_WARN__DUPLICATE_METHOD_MATCH = YES;
				COPY_PHASE_STRIP = NO;
				DEBUG_INFORMATION_FORMAT = "dwarf-with-dsym";
				ENABLE_NS_ASSERTIONS = NO;
				ENABLE_STRICT_OBJC_MSGSEND = YES;
				GCC_C_LANGUAGE_STANDARD = gnu11;
				GCC_NO_COMMON_BLOCKS = YES;
				GCC_WARN_64_TO_32_BIT_CONVERSION = YES;
				GCC_WARN_ABOUT_RETURN_TYPE = YES_ERROR;
				GCC_WARN_UNDECLARED_SELECTOR = YES;
				GCC_WARN_UNINITIALIZED_AUTOS = YES_AGGRESSIVE;
				GCC_WARN_UNUSED_FUNCTION = YES;
				GCC_WARN_UNUSED_VARIABLE = YES;
				MACOSX_DEPLOYMENT_TARGET = 11.6;
				MTL_ENABLE_DEBUG_INFO = NO;
				MTL_FAST_MATH = YES;
				SDKROOT = macosx;
			};
			name = Release;
		};
		6A19E47E27D7E2E800AD48CF /* Debug */ = {
			isa = XCBuildConfiguration;
			buildSettings = {
				CODE_SIGN_STYLE = Automatic;
				DYLIB_COMPATIBILITY_VERSION = 1;
				DYLIB_CURRENT_VERSION = 1;
				EXECUTABLE_PREFIX = lib;
				PRODUCT_NAME = "$(TARGET_NAME)";
				SKIP_INSTALL = YES;
			};
			name = Debug;
		};
		6A19E47F27D7E2E800AD48CF /* Release */ = {
			isa = XCBuildConfiguration;
			buildSettings = {
				CODE_SIGN_STYLE = Automatic;
				DYLIB_COMPATIBILITY_VERSION = 1;
				DYLIB_CURRENT_VERSION = 1;
				EXECUTABLE_PREFIX = lib;
				PRODUCT_NAME = "$(TARGET_NAME)";
				SKIP_INSTALL = YES;
			};
			name = Release;
		};
/* End XCBuildConfiguration section */

/* Begin XCConfigurationList section */
		6A19E47427D7E2E800AD48CF /* Build configuration list for PBXProject "UniDecLibrary" */ = {
			isa = XCConfigurationList;
			buildConfigurations = (
				6A19E47B27D7E2E800AD48CF /* Debug */,
				6A19E47C27D7E2E800AD48CF /* Release */,
			);
			defaultConfigurationIsVisible = 0;
			defaultConfigurationName = Release;
		};
		6A19E47D27D7E2E800AD48CF /* Build configuration list for PBXNativeTarget "UniDecLibrary" */ = {
			isa = XCConfigurationList;
			buildConfigurations = (
				6A19E47E27D7E2E800AD48CF /* Debug */,
				6A19E47F27D7E2E800AD48CF /* Release */,
			);
			defaultConfigurationIsVisible = 0;
			defaultConfigurationName = Release;
		};
/* End XCConfigurationList section */
	};
	rootObject = 6A19E47127D7E2E800AD48CF /* Project object */;
}
